
Microsoft Visual Studio Solution File, Format Version 12.00
# Visual Studio 15
VisualStudioVersion = 15.0.26430.14
MinimumVisualStudioVersion = 10.0.40219.1
Project("{FAE04EC0-301F-11D3-BF4B-00C04F79EFBC}") = "Intersect Server", "Intersect Server.csproj", "{9FFC7331-87BE-403B-82A0-B86D3CCE7C53}"
EndProject
Project("{FAE04EC0-301F-11D3-BF4B-00C04F79EFBC}") = "Intersect (Core)", "..\Intersect Library\Intersect Library\Intersect (Core).csproj", "{BC304B43-1F2C-4454-9EDC-48F47357CA94}"
EndProject
Project("{FAE04EC0-301F-11D3-BF4B-00C04F79EFBC}") = "Intersect.Network", "..\Intersect.Network\Intersect.Network.csproj", "{E8F288CB-51DF-4D9D-A3B3-A61BD4FD3F45}"
EndProject
Global
	GlobalSection(SolutionConfigurationPlatforms) = preSolution
		Debug|Any CPU = Debug|Any CPU
		Diagnostic|Any CPU = Diagnostic|Any CPU
		Release|Any CPU = Release|Any CPU
	EndGlobalSection
	GlobalSection(ProjectConfigurationPlatforms) = postSolution
		{9FFC7331-87BE-403B-82A0-B86D3CCE7C53}.Debug|Any CPU.ActiveCfg = Debug|Any CPU
		{9FFC7331-87BE-403B-82A0-B86D3CCE7C53}.Debug|Any CPU.Build.0 = Debug|Any CPU
		{9FFC7331-87BE-403B-82A0-B86D3CCE7C53}.Diagnostic|Any CPU.ActiveCfg = Diagnostic|x86
		{9FFC7331-87BE-403B-82A0-B86D3CCE7C53}.Diagnostic|Any CPU.Build.0 = Diagnostic|Any CPU
		{9FFC7331-87BE-403B-82A0-B86D3CCE7C53}.Diagnostic|Any CPU.Build.2 = Diagnostic|x86
		{9FFC7331-87BE-403B-82A0-B86D3CCE7C53}.Release|Any CPU.ActiveCfg = Release|Any CPU
		{9FFC7331-87BE-403B-82A0-B86D3CCE7C53}.Release|Any CPU.Build.0 = Release|Any CPU
		{BC304B43-1F2C-4454-9EDC-48F47357CA94}.Debug|Any CPU.ActiveCfg = Debug|Any CPU
		{BC304B43-1F2C-4454-9EDC-48F47357CA94}.Debug|Any CPU.Build.0 = Debug|Any CPU
		{BC304B43-1F2C-4454-9EDC-48F47357CA94}.Diagnostic|Any CPU.ActiveCfg = Diagnostic|Any CPU
		{BC304B43-1F2C-4454-9EDC-48F47357CA94}.Diagnostic|Any CPU.Build.0 = Diagnostic|Any CPU
		{BC304B43-1F2C-4454-9EDC-48F47357CA94}.Release|Any CPU.ActiveCfg = Release|Any CPU
		{BC304B43-1F2C-4454-9EDC-48F47357CA94}.Release|Any CPU.Build.0 = Release|Any CPU
		{E8F288CB-51DF-4D9D-A3B3-A61BD4FD3F45}.Debug|Any CPU.ActiveCfg = Debug|Any CPU
		{E8F288CB-51DF-4D9D-A3B3-A61BD4FD3F45}.Debug|Any CPU.Build.0 = Debug|Any CPU
		{E8F288CB-51DF-4D9D-A3B3-A61BD4FD3F45}.Diagnostic|Any CPU.ActiveCfg = Diagnostic|Any CPU
		{E8F288CB-51DF-4D9D-A3B3-A61BD4FD3F45}.Diagnostic|Any CPU.Build.0 = Diagnostic|Any CPU
		{E8F288CB-51DF-4D9D-A3B3-A61BD4FD3F45}.Release|Any CPU.ActiveCfg = Release|Any CPU
		{E8F288CB-51DF-4D9D-A3B3-A61BD4FD3F45}.Release|Any CPU.Build.0 = Release|Any CPU
	EndGlobalSection
	GlobalSection(SolutionProperties) = preSolution
		HideSolutionNode = FALSE
	EndGlobalSection
EndGlobal
