
Microsoft Visual Studio Solution File, Format Version 12.00
# Visual Studio Version 16
VisualStudioVersion = 16.0.29709.97
MinimumVisualStudioVersion = 10.0.40219.1
Project("{FAE04EC0-301F-11D3-BF4B-00C04F79EFBC}") = "Intersect.Server", "Intersect.Server\Intersect.Server.csproj", "{9FFC7331-87BE-403B-82A0-B86D3CCE7C53}"
EndProject
Project("{FAE04EC0-301F-11D3-BF4B-00C04F79EFBC}") = "Intersect (Core)", "Intersect (Core)\Intersect (Core).csproj", "{BC304B43-1F2C-4454-9EDC-48F47357CA94}"
EndProject
Project("{FAE04EC0-301F-11D3-BF4B-00C04F79EFBC}") = "Intersect.Client", "Intersect.Client\Intersect.Client.csproj", "{2240F3DD-3694-4606-B181-F204CBBCB971}"
EndProject
Project("{FAE04EC0-301F-11D3-BF4B-00C04F79EFBC}") = "Intersect.Network", "Intersect.Network\Intersect.Network.csproj", "{E8F288CB-51DF-4D9D-A3B3-A61BD4FD3F45}"
EndProject
Project("{FAE04EC0-301F-11D3-BF4B-00C04F79EFBC}") = "Intersect.Utilities", "Intersect.Utilities\Intersect.Utilities.csproj", "{6757FDD0-8A95-4CEC-BBC0-83A3DACA58FC}"
EndProject
Project("{FAE04EC0-301F-11D3-BF4B-00C04F79EFBC}") = "Intersect.Client.Framework", "Intersect.Client.Framework\Intersect.Client.Framework.csproj", "{40973F13-3339-4548-9008-FF76A0C8CD79}"
EndProject
Project("{FAE04EC0-301F-11D3-BF4B-00C04F79EFBC}") = "Intersect.Tests", "Intersect.Tests\Intersect.Tests.csproj", "{4030D4D5-9DC6-496D-9763-9A41DD1DECBE}"
EndProject
Project("{FAE04EC0-301F-11D3-BF4B-00C04F79EFBC}") = "Intersect.Editor", "Intersect.Editor\Intersect.Editor.csproj", "{5AC53DF1-8152-466D-B7D0-238657F013F7}"
EndProject
Project("{FAE04EC0-301F-11D3-BF4B-00C04F79EFBC}") = "Intersect.Tests.Server", "Intersect.Tests.Server\Intersect.Tests.Server.csproj", "{F55A208D-6E20-462F-A204-EF13BCCF67D8}"
EndProject
Project("{FAE04EC0-301F-11D3-BF4B-00C04F79EFBC}") = "Intersect.Tests.Client", "Intersect.Tests.Client\Intersect.Tests.Client.csproj", "{49599C25-3C71-4EE5-98C9-957EE20F7DE7}"
EndProject
Project("{FAE04EC0-301F-11D3-BF4B-00C04F79EFBC}") = "Intersect.Tests.Client.Framework", "Intersect.Tests.Client.Framework\Intersect.Tests.Client.Framework.csproj", "{83033560-06F2-4155-9956-E4F0F06DC113}"
EndProject
Project("{FAE04EC0-301F-11D3-BF4B-00C04F79EFBC}") = "Intersect.Tests.Editor", "Intersect.Tests.Editor\Intersect.Tests.Editor.csproj", "{3E8FC79E-D0B3-4554-9ABD-BD6DCBFBEE5D}"
EndProject
Project("{FAE04EC0-301F-11D3-BF4B-00C04F79EFBC}") = "Intersect.Tests.Network", "Intersect.Tests.Network\Intersect.Tests.Network.csproj", "{E66A4B60-E79C-4222-A702-94D3CC7A2377}"
EndProject
Project("{FAE04EC0-301F-11D3-BF4B-00C04F79EFBC}") = "Intersect.Building", "Intersect.Building\Intersect.Building.csproj", "{3CEB8210-E2AD-429C-86F0-EAAD9F49C160}"
EndProject
Global
	GlobalSection(SolutionConfigurationPlatforms) = preSolution
		Debug|Any CPU = Debug|Any CPU
		Debug|x86 = Debug|x86
		Diagnostic|Any CPU = Diagnostic|Any CPU
		Diagnostic|x86 = Diagnostic|x86
		NoFody|Any CPU = NoFody|Any CPU
		NoFody|x86 = NoFody|x86
		Release|Any CPU = Release|Any CPU
		Release|x86 = Release|x86
		Tespia|Any CPU = Tespia|Any CPU
		Tespia|x86 = Tespia|x86
	EndGlobalSection
	GlobalSection(ProjectConfigurationPlatforms) = postSolution
		{9FFC7331-87BE-403B-82A0-B86D3CCE7C53}.Debug|Any CPU.ActiveCfg = Debug|Any CPU
		{9FFC7331-87BE-403B-82A0-B86D3CCE7C53}.Debug|Any CPU.Build.0 = Debug|Any CPU
		{9FFC7331-87BE-403B-82A0-B86D3CCE7C53}.Debug|x86.ActiveCfg = Debug|Any CPU
		{9FFC7331-87BE-403B-82A0-B86D3CCE7C53}.Debug|x86.Build.0 = Debug|Any CPU
		{9FFC7331-87BE-403B-82A0-B86D3CCE7C53}.Diagnostic|Any CPU.ActiveCfg = Debug|Any CPU
		{9FFC7331-87BE-403B-82A0-B86D3CCE7C53}.Diagnostic|Any CPU.Build.0 = Debug|Any CPU
		{9FFC7331-87BE-403B-82A0-B86D3CCE7C53}.Diagnostic|x86.ActiveCfg = Debug|Any CPU
		{9FFC7331-87BE-403B-82A0-B86D3CCE7C53}.Diagnostic|x86.Build.0 = Debug|Any CPU
		{9FFC7331-87BE-403B-82A0-B86D3CCE7C53}.NoFody|Any CPU.ActiveCfg = NoFody|Any CPU
		{9FFC7331-87BE-403B-82A0-B86D3CCE7C53}.NoFody|Any CPU.Build.0 = NoFody|Any CPU
		{9FFC7331-87BE-403B-82A0-B86D3CCE7C53}.NoFody|x86.ActiveCfg = Debug|Any CPU
		{9FFC7331-87BE-403B-82A0-B86D3CCE7C53}.NoFody|x86.Build.0 = Debug|Any CPU
		{9FFC7331-87BE-403B-82A0-B86D3CCE7C53}.Release|Any CPU.ActiveCfg = Release|Any CPU
		{9FFC7331-87BE-403B-82A0-B86D3CCE7C53}.Release|Any CPU.Build.0 = Release|Any CPU
		{9FFC7331-87BE-403B-82A0-B86D3CCE7C53}.Release|x86.ActiveCfg = Debug|Any CPU
		{9FFC7331-87BE-403B-82A0-B86D3CCE7C53}.Release|x86.Build.0 = Debug|Any CPU
		{9FFC7331-87BE-403B-82A0-B86D3CCE7C53}.Tespia|Any CPU.ActiveCfg = Debug|Any CPU
		{9FFC7331-87BE-403B-82A0-B86D3CCE7C53}.Tespia|Any CPU.Build.0 = Debug|Any CPU
		{9FFC7331-87BE-403B-82A0-B86D3CCE7C53}.Tespia|x86.ActiveCfg = Debug|Any CPU
		{9FFC7331-87BE-403B-82A0-B86D3CCE7C53}.Tespia|x86.Build.0 = Debug|Any CPU
		{BC304B43-1F2C-4454-9EDC-48F47357CA94}.Debug|Any CPU.ActiveCfg = Debug|Any CPU
		{BC304B43-1F2C-4454-9EDC-48F47357CA94}.Debug|Any CPU.Build.0 = Debug|Any CPU
		{BC304B43-1F2C-4454-9EDC-48F47357CA94}.Debug|x86.ActiveCfg = Debug|Any CPU
		{BC304B43-1F2C-4454-9EDC-48F47357CA94}.Debug|x86.Build.0 = Debug|Any CPU
		{BC304B43-1F2C-4454-9EDC-48F47357CA94}.Diagnostic|Any CPU.ActiveCfg = Debug|Any CPU
		{BC304B43-1F2C-4454-9EDC-48F47357CA94}.Diagnostic|Any CPU.Build.0 = Debug|Any CPU
		{BC304B43-1F2C-4454-9EDC-48F47357CA94}.Diagnostic|x86.ActiveCfg = Debug|Any CPU
		{BC304B43-1F2C-4454-9EDC-48F47357CA94}.Diagnostic|x86.Build.0 = Debug|Any CPU
		{BC304B43-1F2C-4454-9EDC-48F47357CA94}.NoFody|Any CPU.ActiveCfg = Debug|Any CPU
		{BC304B43-1F2C-4454-9EDC-48F47357CA94}.NoFody|Any CPU.Build.0 = Debug|Any CPU
		{BC304B43-1F2C-4454-9EDC-48F47357CA94}.NoFody|x86.ActiveCfg = Debug|Any CPU
		{BC304B43-1F2C-4454-9EDC-48F47357CA94}.NoFody|x86.Build.0 = Debug|Any CPU
		{BC304B43-1F2C-4454-9EDC-48F47357CA94}.Release|Any CPU.ActiveCfg = Release|Any CPU
		{BC304B43-1F2C-4454-9EDC-48F47357CA94}.Release|Any CPU.Build.0 = Release|Any CPU
		{BC304B43-1F2C-4454-9EDC-48F47357CA94}.Release|x86.ActiveCfg = Debug|Any CPU
		{BC304B43-1F2C-4454-9EDC-48F47357CA94}.Release|x86.Build.0 = Debug|Any CPU
		{BC304B43-1F2C-4454-9EDC-48F47357CA94}.Tespia|Any CPU.ActiveCfg = Debug|Any CPU
		{BC304B43-1F2C-4454-9EDC-48F47357CA94}.Tespia|Any CPU.Build.0 = Debug|Any CPU
		{BC304B43-1F2C-4454-9EDC-48F47357CA94}.Tespia|x86.ActiveCfg = Debug|Any CPU
		{BC304B43-1F2C-4454-9EDC-48F47357CA94}.Tespia|x86.Build.0 = Debug|Any CPU
		{2240F3DD-3694-4606-B181-F204CBBCB971}.Debug|Any CPU.ActiveCfg = Debug|Any CPU
		{2240F3DD-3694-4606-B181-F204CBBCB971}.Debug|Any CPU.Build.0 = Debug|Any CPU
		{2240F3DD-3694-4606-B181-F204CBBCB971}.Debug|x86.ActiveCfg = Debug|Any CPU
		{2240F3DD-3694-4606-B181-F204CBBCB971}.Debug|x86.Build.0 = Debug|Any CPU
		{2240F3DD-3694-4606-B181-F204CBBCB971}.Diagnostic|Any CPU.ActiveCfg = Debug|Any CPU
		{2240F3DD-3694-4606-B181-F204CBBCB971}.Diagnostic|Any CPU.Build.0 = Debug|Any CPU
		{2240F3DD-3694-4606-B181-F204CBBCB971}.Diagnostic|x86.ActiveCfg = Debug|Any CPU
		{2240F3DD-3694-4606-B181-F204CBBCB971}.Diagnostic|x86.Build.0 = Debug|Any CPU
		{2240F3DD-3694-4606-B181-F204CBBCB971}.NoFody|Any CPU.ActiveCfg = Debug|Any CPU
		{2240F3DD-3694-4606-B181-F204CBBCB971}.NoFody|Any CPU.Build.0 = Debug|Any CPU
		{2240F3DD-3694-4606-B181-F204CBBCB971}.NoFody|x86.ActiveCfg = Debug|Any CPU
		{2240F3DD-3694-4606-B181-F204CBBCB971}.NoFody|x86.Build.0 = Debug|Any CPU
		{2240F3DD-3694-4606-B181-F204CBBCB971}.Release|Any CPU.ActiveCfg = Release|Any CPU
		{2240F3DD-3694-4606-B181-F204CBBCB971}.Release|Any CPU.Build.0 = Release|Any CPU
		{2240F3DD-3694-4606-B181-F204CBBCB971}.Release|x86.ActiveCfg = Debug|Any CPU
		{2240F3DD-3694-4606-B181-F204CBBCB971}.Release|x86.Build.0 = Debug|Any CPU
		{2240F3DD-3694-4606-B181-F204CBBCB971}.Tespia|Any CPU.ActiveCfg = Debug|Any CPU
		{2240F3DD-3694-4606-B181-F204CBBCB971}.Tespia|Any CPU.Build.0 = Debug|Any CPU
		{2240F3DD-3694-4606-B181-F204CBBCB971}.Tespia|x86.ActiveCfg = Debug|Any CPU
		{2240F3DD-3694-4606-B181-F204CBBCB971}.Tespia|x86.Build.0 = Debug|Any CPU
		{E8F288CB-51DF-4D9D-A3B3-A61BD4FD3F45}.Debug|Any CPU.ActiveCfg = Debug|Any CPU
		{E8F288CB-51DF-4D9D-A3B3-A61BD4FD3F45}.Debug|Any CPU.Build.0 = Debug|Any CPU
		{E8F288CB-51DF-4D9D-A3B3-A61BD4FD3F45}.Debug|x86.ActiveCfg = Debug|Any CPU
		{E8F288CB-51DF-4D9D-A3B3-A61BD4FD3F45}.Debug|x86.Build.0 = Debug|Any CPU
		{E8F288CB-51DF-4D9D-A3B3-A61BD4FD3F45}.Diagnostic|Any CPU.ActiveCfg = Debug|Any CPU
		{E8F288CB-51DF-4D9D-A3B3-A61BD4FD3F45}.Diagnostic|Any CPU.Build.0 = Debug|Any CPU
		{E8F288CB-51DF-4D9D-A3B3-A61BD4FD3F45}.Diagnostic|x86.ActiveCfg = Debug|Any CPU
		{E8F288CB-51DF-4D9D-A3B3-A61BD4FD3F45}.Diagnostic|x86.Build.0 = Debug|Any CPU
		{E8F288CB-51DF-4D9D-A3B3-A61BD4FD3F45}.NoFody|Any CPU.ActiveCfg = Debug|Any CPU
		{E8F288CB-51DF-4D9D-A3B3-A61BD4FD3F45}.NoFody|Any CPU.Build.0 = Debug|Any CPU
		{E8F288CB-51DF-4D9D-A3B3-A61BD4FD3F45}.NoFody|x86.ActiveCfg = Debug|Any CPU
		{E8F288CB-51DF-4D9D-A3B3-A61BD4FD3F45}.NoFody|x86.Build.0 = Debug|Any CPU
		{E8F288CB-51DF-4D9D-A3B3-A61BD4FD3F45}.Release|Any CPU.ActiveCfg = Release|Any CPU
		{E8F288CB-51DF-4D9D-A3B3-A61BD4FD3F45}.Release|Any CPU.Build.0 = Release|Any CPU
		{E8F288CB-51DF-4D9D-A3B3-A61BD4FD3F45}.Release|x86.ActiveCfg = Debug|Any CPU
		{E8F288CB-51DF-4D9D-A3B3-A61BD4FD3F45}.Release|x86.Build.0 = Debug|Any CPU
		{E8F288CB-51DF-4D9D-A3B3-A61BD4FD3F45}.Tespia|Any CPU.ActiveCfg = Debug|Any CPU
		{E8F288CB-51DF-4D9D-A3B3-A61BD4FD3F45}.Tespia|Any CPU.Build.0 = Debug|Any CPU
		{E8F288CB-51DF-4D9D-A3B3-A61BD4FD3F45}.Tespia|x86.ActiveCfg = Debug|Any CPU
		{E8F288CB-51DF-4D9D-A3B3-A61BD4FD3F45}.Tespia|x86.Build.0 = Debug|Any CPU
		{6757FDD0-8A95-4CEC-BBC0-83A3DACA58FC}.Debug|Any CPU.ActiveCfg = Debug|Any CPU
		{6757FDD0-8A95-4CEC-BBC0-83A3DACA58FC}.Debug|Any CPU.Build.0 = Debug|Any CPU
		{6757FDD0-8A95-4CEC-BBC0-83A3DACA58FC}.Debug|x86.ActiveCfg = Debug|Any CPU
		{6757FDD0-8A95-4CEC-BBC0-83A3DACA58FC}.Debug|x86.Build.0 = Debug|Any CPU
		{6757FDD0-8A95-4CEC-BBC0-83A3DACA58FC}.Diagnostic|Any CPU.ActiveCfg = Debug|Any CPU
		{6757FDD0-8A95-4CEC-BBC0-83A3DACA58FC}.Diagnostic|Any CPU.Build.0 = Debug|Any CPU
		{6757FDD0-8A95-4CEC-BBC0-83A3DACA58FC}.Diagnostic|x86.ActiveCfg = Debug|Any CPU
		{6757FDD0-8A95-4CEC-BBC0-83A3DACA58FC}.Diagnostic|x86.Build.0 = Debug|Any CPU
		{6757FDD0-8A95-4CEC-BBC0-83A3DACA58FC}.NoFody|Any CPU.ActiveCfg = Debug|Any CPU
		{6757FDD0-8A95-4CEC-BBC0-83A3DACA58FC}.NoFody|Any CPU.Build.0 = Debug|Any CPU
		{6757FDD0-8A95-4CEC-BBC0-83A3DACA58FC}.NoFody|x86.ActiveCfg = Debug|Any CPU
		{6757FDD0-8A95-4CEC-BBC0-83A3DACA58FC}.NoFody|x86.Build.0 = Debug|Any CPU
		{6757FDD0-8A95-4CEC-BBC0-83A3DACA58FC}.Release|Any CPU.ActiveCfg = Release|Any CPU
		{6757FDD0-8A95-4CEC-BBC0-83A3DACA58FC}.Release|Any CPU.Build.0 = Release|Any CPU
		{6757FDD0-8A95-4CEC-BBC0-83A3DACA58FC}.Release|x86.ActiveCfg = Debug|Any CPU
		{6757FDD0-8A95-4CEC-BBC0-83A3DACA58FC}.Release|x86.Build.0 = Debug|Any CPU
		{6757FDD0-8A95-4CEC-BBC0-83A3DACA58FC}.Tespia|Any CPU.ActiveCfg = Debug|Any CPU
		{6757FDD0-8A95-4CEC-BBC0-83A3DACA58FC}.Tespia|Any CPU.Build.0 = Debug|Any CPU
		{6757FDD0-8A95-4CEC-BBC0-83A3DACA58FC}.Tespia|x86.ActiveCfg = Debug|Any CPU
		{6757FDD0-8A95-4CEC-BBC0-83A3DACA58FC}.Tespia|x86.Build.0 = Debug|Any CPU
		{40973F13-3339-4548-9008-FF76A0C8CD79}.Debug|Any CPU.ActiveCfg = Debug|Any CPU
		{40973F13-3339-4548-9008-FF76A0C8CD79}.Debug|Any CPU.Build.0 = Debug|Any CPU
		{40973F13-3339-4548-9008-FF76A0C8CD79}.Debug|x86.ActiveCfg = Debug|Any CPU
		{40973F13-3339-4548-9008-FF76A0C8CD79}.Debug|x86.Build.0 = Debug|Any CPU
		{40973F13-3339-4548-9008-FF76A0C8CD79}.Diagnostic|Any CPU.ActiveCfg = Debug|Any CPU
		{40973F13-3339-4548-9008-FF76A0C8CD79}.Diagnostic|Any CPU.Build.0 = Debug|Any CPU
		{40973F13-3339-4548-9008-FF76A0C8CD79}.Diagnostic|x86.ActiveCfg = Debug|Any CPU
		{40973F13-3339-4548-9008-FF76A0C8CD79}.Diagnostic|x86.Build.0 = Debug|Any CPU
		{40973F13-3339-4548-9008-FF76A0C8CD79}.NoFody|Any CPU.ActiveCfg = Debug|Any CPU
		{40973F13-3339-4548-9008-FF76A0C8CD79}.NoFody|Any CPU.Build.0 = Debug|Any CPU
		{40973F13-3339-4548-9008-FF76A0C8CD79}.NoFody|x86.ActiveCfg = Debug|Any CPU
		{40973F13-3339-4548-9008-FF76A0C8CD79}.NoFody|x86.Build.0 = Debug|Any CPU
		{40973F13-3339-4548-9008-FF76A0C8CD79}.Release|Any CPU.ActiveCfg = Release|Any CPU
		{40973F13-3339-4548-9008-FF76A0C8CD79}.Release|Any CPU.Build.0 = Release|Any CPU
		{40973F13-3339-4548-9008-FF76A0C8CD79}.Release|x86.ActiveCfg = Debug|Any CPU
		{40973F13-3339-4548-9008-FF76A0C8CD79}.Release|x86.Build.0 = Debug|Any CPU
		{40973F13-3339-4548-9008-FF76A0C8CD79}.Tespia|Any CPU.ActiveCfg = Debug|Any CPU
		{40973F13-3339-4548-9008-FF76A0C8CD79}.Tespia|Any CPU.Build.0 = Debug|Any CPU
		{40973F13-3339-4548-9008-FF76A0C8CD79}.Tespia|x86.ActiveCfg = Debug|Any CPU
		{40973F13-3339-4548-9008-FF76A0C8CD79}.Tespia|x86.Build.0 = Debug|Any CPU
		{4030D4D5-9DC6-496D-9763-9A41DD1DECBE}.Debug|Any CPU.ActiveCfg = Debug|Any CPU
		{4030D4D5-9DC6-496D-9763-9A41DD1DECBE}.Debug|Any CPU.Build.0 = Debug|Any CPU
		{4030D4D5-9DC6-496D-9763-9A41DD1DECBE}.Debug|x86.ActiveCfg = Debug|Any CPU
		{4030D4D5-9DC6-496D-9763-9A41DD1DECBE}.Debug|x86.Build.0 = Debug|Any CPU
		{4030D4D5-9DC6-496D-9763-9A41DD1DECBE}.Diagnostic|Any CPU.ActiveCfg = Debug|Any CPU
		{4030D4D5-9DC6-496D-9763-9A41DD1DECBE}.Diagnostic|Any CPU.Build.0 = Debug|Any CPU
		{4030D4D5-9DC6-496D-9763-9A41DD1DECBE}.Diagnostic|x86.ActiveCfg = Debug|Any CPU
		{4030D4D5-9DC6-496D-9763-9A41DD1DECBE}.Diagnostic|x86.Build.0 = Debug|Any CPU
		{4030D4D5-9DC6-496D-9763-9A41DD1DECBE}.NoFody|Any CPU.ActiveCfg = Debug|Any CPU
		{4030D4D5-9DC6-496D-9763-9A41DD1DECBE}.NoFody|Any CPU.Build.0 = Debug|Any CPU
		{4030D4D5-9DC6-496D-9763-9A41DD1DECBE}.NoFody|x86.ActiveCfg = Debug|Any CPU
		{4030D4D5-9DC6-496D-9763-9A41DD1DECBE}.NoFody|x86.Build.0 = Debug|Any CPU
		{4030D4D5-9DC6-496D-9763-9A41DD1DECBE}.Release|Any CPU.ActiveCfg = Release|Any CPU
		{4030D4D5-9DC6-496D-9763-9A41DD1DECBE}.Release|Any CPU.Build.0 = Release|Any CPU
		{4030D4D5-9DC6-496D-9763-9A41DD1DECBE}.Release|x86.ActiveCfg = Debug|Any CPU
		{4030D4D5-9DC6-496D-9763-9A41DD1DECBE}.Release|x86.Build.0 = Debug|Any CPU
		{4030D4D5-9DC6-496D-9763-9A41DD1DECBE}.Tespia|Any CPU.ActiveCfg = Debug|Any CPU
		{4030D4D5-9DC6-496D-9763-9A41DD1DECBE}.Tespia|Any CPU.Build.0 = Debug|Any CPU
		{4030D4D5-9DC6-496D-9763-9A41DD1DECBE}.Tespia|x86.ActiveCfg = Debug|Any CPU
		{4030D4D5-9DC6-496D-9763-9A41DD1DECBE}.Tespia|x86.Build.0 = Debug|Any CPU
		{5AC53DF1-8152-466D-B7D0-238657F013F7}.Debug|Any CPU.ActiveCfg = Debug|x86
		{5AC53DF1-8152-466D-B7D0-238657F013F7}.Debug|Any CPU.Build.0 = Debug|x86
		{5AC53DF1-8152-466D-B7D0-238657F013F7}.Debug|x86.ActiveCfg = Debug|x86
		{5AC53DF1-8152-466D-B7D0-238657F013F7}.Debug|x86.Build.0 = Debug|x86
		{5AC53DF1-8152-466D-B7D0-238657F013F7}.Diagnostic|Any CPU.ActiveCfg = Debug|x86
		{5AC53DF1-8152-466D-B7D0-238657F013F7}.Diagnostic|x86.ActiveCfg = Debug|x86
		{5AC53DF1-8152-466D-B7D0-238657F013F7}.Diagnostic|x86.Build.0 = Debug|x86
		{5AC53DF1-8152-466D-B7D0-238657F013F7}.NoFody|Any CPU.ActiveCfg = Debug|x86
		{5AC53DF1-8152-466D-B7D0-238657F013F7}.NoFody|Any CPU.Build.0 = Debug|x86
		{5AC53DF1-8152-466D-B7D0-238657F013F7}.NoFody|x86.ActiveCfg = Debug|x86
		{5AC53DF1-8152-466D-B7D0-238657F013F7}.NoFody|x86.Build.0 = Debug|x86
		{5AC53DF1-8152-466D-B7D0-238657F013F7}.Release|Any CPU.ActiveCfg = Release|x86
		{5AC53DF1-8152-466D-B7D0-238657F013F7}.Release|Any CPU.Build.0 = Release|x86
		{5AC53DF1-8152-466D-B7D0-238657F013F7}.Release|x86.ActiveCfg = Debug|x86
		{5AC53DF1-8152-466D-B7D0-238657F013F7}.Release|x86.Build.0 = Debug|x86
		{5AC53DF1-8152-466D-B7D0-238657F013F7}.Tespia|Any CPU.ActiveCfg = Debug|x86
		{5AC53DF1-8152-466D-B7D0-238657F013F7}.Tespia|x86.ActiveCfg = Debug|x86
		{5AC53DF1-8152-466D-B7D0-238657F013F7}.Tespia|x86.Build.0 = Debug|x86
		{F55A208D-6E20-462F-A204-EF13BCCF67D8}.Debug|Any CPU.ActiveCfg = Debug|Any CPU
		{F55A208D-6E20-462F-A204-EF13BCCF67D8}.Debug|Any CPU.Build.0 = Debug|Any CPU
		{F55A208D-6E20-462F-A204-EF13BCCF67D8}.Debug|x86.ActiveCfg = Debug|Any CPU
		{F55A208D-6E20-462F-A204-EF13BCCF67D8}.Debug|x86.Build.0 = Debug|Any CPU
		{F55A208D-6E20-462F-A204-EF13BCCF67D8}.Diagnostic|Any CPU.ActiveCfg = Debug|Any CPU
		{F55A208D-6E20-462F-A204-EF13BCCF67D8}.Diagnostic|Any CPU.Build.0 = Debug|Any CPU
		{F55A208D-6E20-462F-A204-EF13BCCF67D8}.Diagnostic|x86.ActiveCfg = Debug|Any CPU
		{F55A208D-6E20-462F-A204-EF13BCCF67D8}.Diagnostic|x86.Build.0 = Debug|Any CPU
		{F55A208D-6E20-462F-A204-EF13BCCF67D8}.NoFody|Any CPU.ActiveCfg = Release|Any CPU
		{F55A208D-6E20-462F-A204-EF13BCCF67D8}.NoFody|Any CPU.Build.0 = Release|Any CPU
		{F55A208D-6E20-462F-A204-EF13BCCF67D8}.NoFody|x86.ActiveCfg = Release|Any CPU
		{F55A208D-6E20-462F-A204-EF13BCCF67D8}.NoFody|x86.Build.0 = Release|Any CPU
		{F55A208D-6E20-462F-A204-EF13BCCF67D8}.Release|Any CPU.ActiveCfg = Release|Any CPU
		{F55A208D-6E20-462F-A204-EF13BCCF67D8}.Release|Any CPU.Build.0 = Release|Any CPU
		{F55A208D-6E20-462F-A204-EF13BCCF67D8}.Release|x86.ActiveCfg = Release|Any CPU
		{F55A208D-6E20-462F-A204-EF13BCCF67D8}.Release|x86.Build.0 = Release|Any CPU
		{F55A208D-6E20-462F-A204-EF13BCCF67D8}.Tespia|Any CPU.ActiveCfg = Release|Any CPU
		{F55A208D-6E20-462F-A204-EF13BCCF67D8}.Tespia|Any CPU.Build.0 = Release|Any CPU
		{F55A208D-6E20-462F-A204-EF13BCCF67D8}.Tespia|x86.ActiveCfg = Release|Any CPU
		{F55A208D-6E20-462F-A204-EF13BCCF67D8}.Tespia|x86.Build.0 = Release|Any CPU
		{49599C25-3C71-4EE5-98C9-957EE20F7DE7}.Debug|Any CPU.ActiveCfg = Debug|Any CPU
		{49599C25-3C71-4EE5-98C9-957EE20F7DE7}.Debug|Any CPU.Build.0 = Debug|Any CPU
		{49599C25-3C71-4EE5-98C9-957EE20F7DE7}.Debug|x86.ActiveCfg = Debug|Any CPU
		{49599C25-3C71-4EE5-98C9-957EE20F7DE7}.Debug|x86.Build.0 = Debug|Any CPU
		{49599C25-3C71-4EE5-98C9-957EE20F7DE7}.Diagnostic|Any CPU.ActiveCfg = Debug|Any CPU
		{49599C25-3C71-4EE5-98C9-957EE20F7DE7}.Diagnostic|Any CPU.Build.0 = Debug|Any CPU
		{49599C25-3C71-4EE5-98C9-957EE20F7DE7}.Diagnostic|x86.ActiveCfg = Debug|Any CPU
		{49599C25-3C71-4EE5-98C9-957EE20F7DE7}.Diagnostic|x86.Build.0 = Debug|Any CPU
		{49599C25-3C71-4EE5-98C9-957EE20F7DE7}.NoFody|Any CPU.ActiveCfg = Release|Any CPU
		{49599C25-3C71-4EE5-98C9-957EE20F7DE7}.NoFody|Any CPU.Build.0 = Release|Any CPU
		{49599C25-3C71-4EE5-98C9-957EE20F7DE7}.NoFody|x86.ActiveCfg = Release|Any CPU
		{49599C25-3C71-4EE5-98C9-957EE20F7DE7}.NoFody|x86.Build.0 = Release|Any CPU
		{49599C25-3C71-4EE5-98C9-957EE20F7DE7}.Release|Any CPU.ActiveCfg = Release|Any CPU
		{49599C25-3C71-4EE5-98C9-957EE20F7DE7}.Release|Any CPU.Build.0 = Release|Any CPU
		{49599C25-3C71-4EE5-98C9-957EE20F7DE7}.Release|x86.ActiveCfg = Release|Any CPU
		{49599C25-3C71-4EE5-98C9-957EE20F7DE7}.Release|x86.Build.0 = Release|Any CPU
		{49599C25-3C71-4EE5-98C9-957EE20F7DE7}.Tespia|Any CPU.ActiveCfg = Release|Any CPU
		{49599C25-3C71-4EE5-98C9-957EE20F7DE7}.Tespia|Any CPU.Build.0 = Release|Any CPU
		{49599C25-3C71-4EE5-98C9-957EE20F7DE7}.Tespia|x86.ActiveCfg = Release|Any CPU
		{49599C25-3C71-4EE5-98C9-957EE20F7DE7}.Tespia|x86.Build.0 = Release|Any CPU
		{83033560-06F2-4155-9956-E4F0F06DC113}.Debug|Any CPU.ActiveCfg = Debug|Any CPU
		{83033560-06F2-4155-9956-E4F0F06DC113}.Debug|Any CPU.Build.0 = Debug|Any CPU
		{83033560-06F2-4155-9956-E4F0F06DC113}.Debug|x86.ActiveCfg = Debug|Any CPU
		{83033560-06F2-4155-9956-E4F0F06DC113}.Debug|x86.Build.0 = Debug|Any CPU
		{83033560-06F2-4155-9956-E4F0F06DC113}.Diagnostic|Any CPU.ActiveCfg = Debug|Any CPU
		{83033560-06F2-4155-9956-E4F0F06DC113}.Diagnostic|Any CPU.Build.0 = Debug|Any CPU
		{83033560-06F2-4155-9956-E4F0F06DC113}.Diagnostic|x86.ActiveCfg = Debug|Any CPU
		{83033560-06F2-4155-9956-E4F0F06DC113}.Diagnostic|x86.Build.0 = Debug|Any CPU
		{83033560-06F2-4155-9956-E4F0F06DC113}.NoFody|Any CPU.ActiveCfg = Release|Any CPU
		{83033560-06F2-4155-9956-E4F0F06DC113}.NoFody|Any CPU.Build.0 = Release|Any CPU
		{83033560-06F2-4155-9956-E4F0F06DC113}.NoFody|x86.ActiveCfg = Release|Any CPU
		{83033560-06F2-4155-9956-E4F0F06DC113}.NoFody|x86.Build.0 = Release|Any CPU
		{83033560-06F2-4155-9956-E4F0F06DC113}.Release|Any CPU.ActiveCfg = Release|Any CPU
		{83033560-06F2-4155-9956-E4F0F06DC113}.Release|Any CPU.Build.0 = Release|Any CPU
		{83033560-06F2-4155-9956-E4F0F06DC113}.Release|x86.ActiveCfg = Release|Any CPU
		{83033560-06F2-4155-9956-E4F0F06DC113}.Release|x86.Build.0 = Release|Any CPU
		{83033560-06F2-4155-9956-E4F0F06DC113}.Tespia|Any CPU.ActiveCfg = Release|Any CPU
		{83033560-06F2-4155-9956-E4F0F06DC113}.Tespia|Any CPU.Build.0 = Release|Any CPU
		{83033560-06F2-4155-9956-E4F0F06DC113}.Tespia|x86.ActiveCfg = Release|Any CPU
		{83033560-06F2-4155-9956-E4F0F06DC113}.Tespia|x86.Build.0 = Release|Any CPU
		{3E8FC79E-D0B3-4554-9ABD-BD6DCBFBEE5D}.Debug|Any CPU.ActiveCfg = Debug|Any CPU
		{3E8FC79E-D0B3-4554-9ABD-BD6DCBFBEE5D}.Debug|Any CPU.Build.0 = Debug|Any CPU
		{3E8FC79E-D0B3-4554-9ABD-BD6DCBFBEE5D}.Debug|x86.ActiveCfg = Debug|Any CPU
		{3E8FC79E-D0B3-4554-9ABD-BD6DCBFBEE5D}.Debug|x86.Build.0 = Debug|Any CPU
		{3E8FC79E-D0B3-4554-9ABD-BD6DCBFBEE5D}.Diagnostic|Any CPU.ActiveCfg = Debug|Any CPU
		{3E8FC79E-D0B3-4554-9ABD-BD6DCBFBEE5D}.Diagnostic|Any CPU.Build.0 = Debug|Any CPU
		{3E8FC79E-D0B3-4554-9ABD-BD6DCBFBEE5D}.Diagnostic|x86.ActiveCfg = Debug|Any CPU
		{3E8FC79E-D0B3-4554-9ABD-BD6DCBFBEE5D}.Diagnostic|x86.Build.0 = Debug|Any CPU
		{3E8FC79E-D0B3-4554-9ABD-BD6DCBFBEE5D}.NoFody|Any CPU.ActiveCfg = Release|Any CPU
		{3E8FC79E-D0B3-4554-9ABD-BD6DCBFBEE5D}.NoFody|Any CPU.Build.0 = Release|Any CPU
		{3E8FC79E-D0B3-4554-9ABD-BD6DCBFBEE5D}.NoFody|x86.ActiveCfg = Release|Any CPU
		{3E8FC79E-D0B3-4554-9ABD-BD6DCBFBEE5D}.NoFody|x86.Build.0 = Release|Any CPU
		{3E8FC79E-D0B3-4554-9ABD-BD6DCBFBEE5D}.Release|Any CPU.ActiveCfg = Release|Any CPU
		{3E8FC79E-D0B3-4554-9ABD-BD6DCBFBEE5D}.Release|Any CPU.Build.0 = Release|Any CPU
		{3E8FC79E-D0B3-4554-9ABD-BD6DCBFBEE5D}.Release|x86.ActiveCfg = Release|Any CPU
		{3E8FC79E-D0B3-4554-9ABD-BD6DCBFBEE5D}.Release|x86.Build.0 = Release|Any CPU
		{3E8FC79E-D0B3-4554-9ABD-BD6DCBFBEE5D}.Tespia|Any CPU.ActiveCfg = Release|Any CPU
		{3E8FC79E-D0B3-4554-9ABD-BD6DCBFBEE5D}.Tespia|Any CPU.Build.0 = Release|Any CPU
		{3E8FC79E-D0B3-4554-9ABD-BD6DCBFBEE5D}.Tespia|x86.ActiveCfg = Release|Any CPU
		{3E8FC79E-D0B3-4554-9ABD-BD6DCBFBEE5D}.Tespia|x86.Build.0 = Release|Any CPU
		{E66A4B60-E79C-4222-A702-94D3CC7A2377}.Debug|Any CPU.ActiveCfg = Debug|Any CPU
		{E66A4B60-E79C-4222-A702-94D3CC7A2377}.Debug|Any CPU.Build.0 = Debug|Any CPU
		{E66A4B60-E79C-4222-A702-94D3CC7A2377}.Debug|x86.ActiveCfg = Debug|Any CPU
		{E66A4B60-E79C-4222-A702-94D3CC7A2377}.Debug|x86.Build.0 = Debug|Any CPU
		{E66A4B60-E79C-4222-A702-94D3CC7A2377}.Diagnostic|Any CPU.ActiveCfg = Debug|Any CPU
		{E66A4B60-E79C-4222-A702-94D3CC7A2377}.Diagnostic|Any CPU.Build.0 = Debug|Any CPU
		{E66A4B60-E79C-4222-A702-94D3CC7A2377}.Diagnostic|x86.ActiveCfg = Debug|Any CPU
		{E66A4B60-E79C-4222-A702-94D3CC7A2377}.Diagnostic|x86.Build.0 = Debug|Any CPU
		{E66A4B60-E79C-4222-A702-94D3CC7A2377}.NoFody|Any CPU.ActiveCfg = Release|Any CPU
		{E66A4B60-E79C-4222-A702-94D3CC7A2377}.NoFody|Any CPU.Build.0 = Release|Any CPU
		{E66A4B60-E79C-4222-A702-94D3CC7A2377}.NoFody|x86.ActiveCfg = Release|Any CPU
		{E66A4B60-E79C-4222-A702-94D3CC7A2377}.NoFody|x86.Build.0 = Release|Any CPU
		{E66A4B60-E79C-4222-A702-94D3CC7A2377}.Release|Any CPU.ActiveCfg = Release|Any CPU
		{E66A4B60-E79C-4222-A702-94D3CC7A2377}.Release|Any CPU.Build.0 = Release|Any CPU
		{E66A4B60-E79C-4222-A702-94D3CC7A2377}.Release|x86.ActiveCfg = Release|Any CPU
		{E66A4B60-E79C-4222-A702-94D3CC7A2377}.Release|x86.Build.0 = Release|Any CPU
		{E66A4B60-E79C-4222-A702-94D3CC7A2377}.Tespia|Any CPU.ActiveCfg = Release|Any CPU
		{E66A4B60-E79C-4222-A702-94D3CC7A2377}.Tespia|Any CPU.Build.0 = Release|Any CPU
		{E66A4B60-E79C-4222-A702-94D3CC7A2377}.Tespia|x86.ActiveCfg = Release|Any CPU
		{E66A4B60-E79C-4222-A702-94D3CC7A2377}.Tespia|x86.Build.0 = Release|Any CPU
		{3CEB8210-E2AD-429C-86F0-EAAD9F49C160}.Debug|Any CPU.ActiveCfg = Debug|Any CPU
		{3CEB8210-E2AD-429C-86F0-EAAD9F49C160}.Debug|Any CPU.Build.0 = Debug|Any CPU
		{3CEB8210-E2AD-429C-86F0-EAAD9F49C160}.Debug|x86.ActiveCfg = Debug|Any CPU
		{3CEB8210-E2AD-429C-86F0-EAAD9F49C160}.Debug|x86.Build.0 = Debug|Any CPU
		{3CEB8210-E2AD-429C-86F0-EAAD9F49C160}.Diagnostic|Any CPU.ActiveCfg = Debug|Any CPU
		{3CEB8210-E2AD-429C-86F0-EAAD9F49C160}.Diagnostic|Any CPU.Build.0 = Debug|Any CPU
		{3CEB8210-E2AD-429C-86F0-EAAD9F49C160}.Diagnostic|x86.ActiveCfg = Debug|Any CPU
		{3CEB8210-E2AD-429C-86F0-EAAD9F49C160}.Diagnostic|x86.Build.0 = Debug|Any CPU
		{3CEB8210-E2AD-429C-86F0-EAAD9F49C160}.NoFody|Any CPU.ActiveCfg = Release|Any CPU
		{3CEB8210-E2AD-429C-86F0-EAAD9F49C160}.NoFody|Any CPU.Build.0 = Release|Any CPU
		{3CEB8210-E2AD-429C-86F0-EAAD9F49C160}.NoFody|x86.ActiveCfg = Release|Any CPU
		{3CEB8210-E2AD-429C-86F0-EAAD9F49C160}.NoFody|x86.Build.0 = Release|Any CPU
		{3CEB8210-E2AD-429C-86F0-EAAD9F49C160}.Release|Any CPU.ActiveCfg = Release|Any CPU
		{3CEB8210-E2AD-429C-86F0-EAAD9F49C160}.Release|Any CPU.Build.0 = Release|Any CPU
		{3CEB8210-E2AD-429C-86F0-EAAD9F49C160}.Release|x86.ActiveCfg = Release|Any CPU
		{3CEB8210-E2AD-429C-86F0-EAAD9F49C160}.Release|x86.Build.0 = Release|Any CPU
		{3CEB8210-E2AD-429C-86F0-EAAD9F49C160}.Tespia|Any CPU.ActiveCfg = Release|Any CPU
		{3CEB8210-E2AD-429C-86F0-EAAD9F49C160}.Tespia|Any CPU.Build.0 = Release|Any CPU
		{3CEB8210-E2AD-429C-86F0-EAAD9F49C160}.Tespia|x86.ActiveCfg = Release|Any CPU
		{3CEB8210-E2AD-429C-86F0-EAAD9F49C160}.Tespia|x86.Build.0 = Release|Any CPU
	EndGlobalSection
	GlobalSection(SolutionProperties) = preSolution
		HideSolutionNode = FALSE
	EndGlobalSection
	GlobalSection(ExtensibilityGlobals) = postSolution
		SolutionGuid = {06095334-0BBD-4FDA-A230-272D08AFB221}
	EndGlobalSection
EndGlobal
