
Microsoft Visual Studio Solution File, Format Version 12.00
# Visual Studio Version 17
VisualStudioVersion = 17.1.32228.430
MinimumVisualStudioVersion = 10.0.40219.1
Project("{9A19103F-16F7-4668-BE54-9A1E7A4F7556}") = "Intersect.Core", "Intersect (Core)\Intersect.Core.csproj", "{BC304B43-1F2C-4454-9EDC-48F47357CA94}"
EndProject
Project("{9A19103F-16F7-4668-BE54-9A1E7A4F7556}") = "Intersect.Client", "Intersect.Client\Intersect.Client.csproj", "{2240F3DD-3694-4606-B181-F204CBBCB971}"
EndProject
Project("{9A19103F-16F7-4668-BE54-9A1E7A4F7556}") = "Intersect.Client.Framework", "Intersect.Client.Framework\Intersect.Client.Framework.csproj", "{40973F13-3339-4548-9008-FF76A0C8CD79}"
EndProject
Project("{9A19103F-16F7-4668-BE54-9A1E7A4F7556}") = "Intersect.Editor", "Intersect.Editor\Intersect.Editor.csproj", "{5AC53DF1-8152-466D-B7D0-238657F013F7}"
EndProject
Project("{9A19103F-16F7-4668-BE54-9A1E7A4F7556}") = "Intersect.Network", "Intersect.Network\Intersect.Network.csproj", "{E8F288CB-51DF-4D9D-A3B3-A61BD4FD3F45}"
EndProject
Project("{9A19103F-16F7-4668-BE54-9A1E7A4F7556}") = "Intersect.Server", "Intersect.Server\Intersect.Server.csproj", "{9FFC7331-87BE-403B-82A0-B86D3CCE7C53}"
EndProject
Project("{9A19103F-16F7-4668-BE54-9A1E7A4F7556}") = "Intersect.Server.Framework", "Intersect.Server.Framework\Intersect.Server.Framework.csproj", "{4E38C9B0-DF8C-44E4-9704-D6B05E092733}"
EndProject
Project("{9A19103F-16F7-4668-BE54-9A1E7A4F7556}") = "Intersect.Tests", "Intersect.Tests\Intersect.Tests.csproj", "{4030D4D5-9DC6-496D-9763-9A41DD1DECBE}"
EndProject
Project("{9A19103F-16F7-4668-BE54-9A1E7A4F7556}") = "Intersect.Tests.Client", "Intersect.Tests.Client\Intersect.Tests.Client.csproj", "{49599C25-3C71-4EE5-98C9-957EE20F7DE7}"
EndProject
Project("{9A19103F-16F7-4668-BE54-9A1E7A4F7556}") = "Intersect.Tests.Client.Framework", "Intersect.Tests.Client.Framework\Intersect.Tests.Client.Framework.csproj", "{83033560-06F2-4155-9956-E4F0F06DC113}"
EndProject
Project("{9A19103F-16F7-4668-BE54-9A1E7A4F7556}") = "Intersect.Tests.Editor", "Intersect.Tests.Editor\Intersect.Tests.Editor.csproj", "{3E8FC79E-D0B3-4554-9ABD-BD6DCBFBEE5D}"
EndProject
Project("{9A19103F-16F7-4668-BE54-9A1E7A4F7556}") = "Intersect.Tests.Network", "Intersect.Tests.Network\Intersect.Tests.Network.csproj", "{E66A4B60-E79C-4222-A702-94D3CC7A2377}"
EndProject
Project("{9A19103F-16F7-4668-BE54-9A1E7A4F7556}") = "Intersect.Tests.Server", "Intersect.Tests.Server\Intersect.Tests.Server.csproj", "{F55A208D-6E20-462F-A204-EF13BCCF67D8}"
EndProject
Project("{2150E333-8FDC-42A3-9474-1A3956D46DE8}") = "Solution Files", "Solution Files", "{0C9FAC99-60FC-4063-A15F-7A200096F67C}"
	ProjectSection(SolutionItems) = preProject
		.editorconfig = .editorconfig
		.gitattributes = .gitattributes
		.gitignore = .gitignore
		AUTHORS.md = AUTHORS.md
		CODE_OF_CONDUCT.md = CODE_OF_CONDUCT.md
		CONTRIBUTING.md = CONTRIBUTING.md
		Directory.Build.props = Directory.Build.props
		Intersect.props = Intersect.props
		LICENSE.md = LICENSE.md
		NuGet.Config = NuGet.Config
		README.md = README.md
		SECURITY.md = SECURITY.md
		VERSIONING.md = VERSIONING.md
	EndProjectSection
EndProject
Project("{2150E333-8FDC-42A3-9474-1A3956D46DE8}") = "targets", "targets", "{BAD9DA5F-4FA5-42A3-A58A-A7B880573121}"
	ProjectSection(SolutionItems) = preProject
		targets\AscensionGameDev.Intersect.Client.Framework.targets = targets\AscensionGameDev.Intersect.Client.Framework.targets
		targets\AscensionGameDev.Intersect.CommonVariables.targets = targets\AscensionGameDev.Intersect.CommonVariables.targets
		targets\AscensionGameDev.Intersect.Server.Framework.targets = targets\AscensionGameDev.Intersect.Server.Framework.targets
		targets\FindIntersect.targets = targets\FindIntersect.targets
		targets\Intersect.Building.KeyGeneration.msbuild = targets\Intersect.Building.KeyGeneration.msbuild
	EndProjectSection
EndProject
Project("{2150E333-8FDC-42A3-9474-1A3956D46DE8}") = "Tests", "Tests", "{91D46B09-C92B-450B-AEC2-C7A6EE0F8E3B}"
EndProject
Global
	GlobalSection(SolutionConfigurationPlatforms) = preSolution
		Debug|Any CPU = Debug|Any CPU
		NoFody|Any CPU = NoFody|Any CPU
		Release|Any CPU = Release|Any CPU
	EndGlobalSection
	GlobalSection(ProjectConfigurationPlatforms) = postSolution
		{BC304B43-1F2C-4454-9EDC-48F47357CA94}.Debug|Any CPU.ActiveCfg = Debug|Any CPU
		{BC304B43-1F2C-4454-9EDC-48F47357CA94}.Debug|Any CPU.Build.0 = Debug|Any CPU
		{BC304B43-1F2C-4454-9EDC-48F47357CA94}.NoFody|Any CPU.ActiveCfg = Debug|Any CPU
		{BC304B43-1F2C-4454-9EDC-48F47357CA94}.NoFody|Any CPU.Build.0 = Debug|Any CPU
		{BC304B43-1F2C-4454-9EDC-48F47357CA94}.Release|Any CPU.ActiveCfg = Release|Any CPU
		{BC304B43-1F2C-4454-9EDC-48F47357CA94}.Release|Any CPU.Build.0 = Release|Any CPU
		{2240F3DD-3694-4606-B181-F204CBBCB971}.Debug|Any CPU.ActiveCfg = Debug|Any CPU
		{2240F3DD-3694-4606-B181-F204CBBCB971}.Debug|Any CPU.Build.0 = Debug|Any CPU
		{2240F3DD-3694-4606-B181-F204CBBCB971}.NoFody|Any CPU.ActiveCfg = Debug|Any CPU
		{2240F3DD-3694-4606-B181-F204CBBCB971}.NoFody|Any CPU.Build.0 = Debug|Any CPU
		{2240F3DD-3694-4606-B181-F204CBBCB971}.Release|Any CPU.ActiveCfg = Release|Any CPU
		{2240F3DD-3694-4606-B181-F204CBBCB971}.Release|Any CPU.Build.0 = Release|Any CPU
		{40973F13-3339-4548-9008-FF76A0C8CD79}.Debug|Any CPU.ActiveCfg = Debug|Any CPU
		{40973F13-3339-4548-9008-FF76A0C8CD79}.Debug|Any CPU.Build.0 = Debug|Any CPU
		{40973F13-3339-4548-9008-FF76A0C8CD79}.NoFody|Any CPU.ActiveCfg = Debug|Any CPU
		{40973F13-3339-4548-9008-FF76A0C8CD79}.NoFody|Any CPU.Build.0 = Debug|Any CPU
		{40973F13-3339-4548-9008-FF76A0C8CD79}.Release|Any CPU.ActiveCfg = Release|Any CPU
		{40973F13-3339-4548-9008-FF76A0C8CD79}.Release|Any CPU.Build.0 = Release|Any CPU
		{5AC53DF1-8152-466D-B7D0-238657F013F7}.Debug|Any CPU.ActiveCfg = Debug|Any CPU
		{5AC53DF1-8152-466D-B7D0-238657F013F7}.Debug|Any CPU.Build.0 = Debug|Any CPU
		{5AC53DF1-8152-466D-B7D0-238657F013F7}.NoFody|Any CPU.ActiveCfg = Debug|Any CPU
		{5AC53DF1-8152-466D-B7D0-238657F013F7}.NoFody|Any CPU.Build.0 = Debug|Any CPU
		{5AC53DF1-8152-466D-B7D0-238657F013F7}.Release|Any CPU.ActiveCfg = Release|Any CPU
		{5AC53DF1-8152-466D-B7D0-238657F013F7}.Release|Any CPU.Build.0 = Release|Any CPU
		{E8F288CB-51DF-4D9D-A3B3-A61BD4FD3F45}.Debug|Any CPU.ActiveCfg = Debug|Any CPU
		{E8F288CB-51DF-4D9D-A3B3-A61BD4FD3F45}.Debug|Any CPU.Build.0 = Debug|Any CPU
		{E8F288CB-51DF-4D9D-A3B3-A61BD4FD3F45}.NoFody|Any CPU.ActiveCfg = Debug|Any CPU
		{E8F288CB-51DF-4D9D-A3B3-A61BD4FD3F45}.NoFody|Any CPU.Build.0 = Debug|Any CPU
		{E8F288CB-51DF-4D9D-A3B3-A61BD4FD3F45}.Release|Any CPU.ActiveCfg = Release|Any CPU
		{E8F288CB-51DF-4D9D-A3B3-A61BD4FD3F45}.Release|Any CPU.Build.0 = Release|Any CPU
		{9FFC7331-87BE-403B-82A0-B86D3CCE7C53}.Debug|Any CPU.ActiveCfg = Debug|Any CPU
		{9FFC7331-87BE-403B-82A0-B86D3CCE7C53}.Debug|Any CPU.Build.0 = Debug|Any CPU
		{9FFC7331-87BE-403B-82A0-B86D3CCE7C53}.NoFody|Any CPU.ActiveCfg = NoFody|Any CPU
		{9FFC7331-87BE-403B-82A0-B86D3CCE7C53}.NoFody|Any CPU.Build.0 = NoFody|Any CPU
		{9FFC7331-87BE-403B-82A0-B86D3CCE7C53}.Release|Any CPU.ActiveCfg = Release|Any CPU
		{9FFC7331-87BE-403B-82A0-B86D3CCE7C53}.Release|Any CPU.Build.0 = Release|Any CPU
		{4E38C9B0-DF8C-44E4-9704-D6B05E092733}.Debug|Any CPU.ActiveCfg = Debug|Any CPU
		{4E38C9B0-DF8C-44E4-9704-D6B05E092733}.Debug|Any CPU.Build.0 = Debug|Any CPU
		{4E38C9B0-DF8C-44E4-9704-D6B05E092733}.NoFody|Any CPU.ActiveCfg = Debug|Any CPU
		{4E38C9B0-DF8C-44E4-9704-D6B05E092733}.NoFody|Any CPU.Build.0 = Debug|Any CPU
		{4E38C9B0-DF8C-44E4-9704-D6B05E092733}.Release|Any CPU.ActiveCfg = Release|Any CPU
		{4E38C9B0-DF8C-44E4-9704-D6B05E092733}.Release|Any CPU.Build.0 = Release|Any CPU
		{4030D4D5-9DC6-496D-9763-9A41DD1DECBE}.Debug|Any CPU.ActiveCfg = Debug|Any CPU
		{4030D4D5-9DC6-496D-9763-9A41DD1DECBE}.NoFody|Any CPU.ActiveCfg = Debug|Any CPU
		{4030D4D5-9DC6-496D-9763-9A41DD1DECBE}.Release|Any CPU.ActiveCfg = Release|Any CPU
		{49599C25-3C71-4EE5-98C9-957EE20F7DE7}.Debug|Any CPU.ActiveCfg = Debug|Any CPU
		{49599C25-3C71-4EE5-98C9-957EE20F7DE7}.NoFody|Any CPU.ActiveCfg = Debug|Any CPU
		{49599C25-3C71-4EE5-98C9-957EE20F7DE7}.Release|Any CPU.ActiveCfg = Release|Any CPU
		{83033560-06F2-4155-9956-E4F0F06DC113}.Debug|Any CPU.ActiveCfg = Debug|Any CPU
		{83033560-06F2-4155-9956-E4F0F06DC113}.NoFody|Any CPU.ActiveCfg = Debug|Any CPU
		{83033560-06F2-4155-9956-E4F0F06DC113}.Release|Any CPU.ActiveCfg = Release|Any CPU
		{3E8FC79E-D0B3-4554-9ABD-BD6DCBFBEE5D}.Debug|Any CPU.ActiveCfg = Debug|Any CPU
		{3E8FC79E-D0B3-4554-9ABD-BD6DCBFBEE5D}.NoFody|Any CPU.ActiveCfg = Debug|Any CPU
		{3E8FC79E-D0B3-4554-9ABD-BD6DCBFBEE5D}.Release|Any CPU.ActiveCfg = Release|Any CPU
		{E66A4B60-E79C-4222-A702-94D3CC7A2377}.Debug|Any CPU.ActiveCfg = Debug|Any CPU
		{E66A4B60-E79C-4222-A702-94D3CC7A2377}.NoFody|Any CPU.ActiveCfg = Debug|Any CPU
		{E66A4B60-E79C-4222-A702-94D3CC7A2377}.Release|Any CPU.ActiveCfg = Release|Any CPU
		{F55A208D-6E20-462F-A204-EF13BCCF67D8}.Debug|Any CPU.ActiveCfg = Debug|Any CPU
		{F55A208D-6E20-462F-A204-EF13BCCF67D8}.NoFody|Any CPU.ActiveCfg = Debug|Any CPU
		{F55A208D-6E20-462F-A204-EF13BCCF67D8}.Release|Any CPU.ActiveCfg = Release|Any CPU
	EndGlobalSection
	GlobalSection(SolutionProperties) = preSolution
		HideSolutionNode = FALSE
	EndGlobalSection
	GlobalSection(NestedProjects) = preSolution
		{4030D4D5-9DC6-496D-9763-9A41DD1DECBE} = {91D46B09-C92B-450B-AEC2-C7A6EE0F8E3B}
		{49599C25-3C71-4EE5-98C9-957EE20F7DE7} = {91D46B09-C92B-450B-AEC2-C7A6EE0F8E3B}
		{83033560-06F2-4155-9956-E4F0F06DC113} = {91D46B09-C92B-450B-AEC2-C7A6EE0F8E3B}
		{3E8FC79E-D0B3-4554-9ABD-BD6DCBFBEE5D} = {91D46B09-C92B-450B-AEC2-C7A6EE0F8E3B}
		{E66A4B60-E79C-4222-A702-94D3CC7A2377} = {91D46B09-C92B-450B-AEC2-C7A6EE0F8E3B}
		{F55A208D-6E20-462F-A204-EF13BCCF67D8} = {91D46B09-C92B-450B-AEC2-C7A6EE0F8E3B}
		{BAD9DA5F-4FA5-42A3-A58A-A7B880573121} = {0C9FAC99-60FC-4063-A15F-7A200096F67C}
	EndGlobalSection
	GlobalSection(ExtensibilityGlobals) = postSolution
		SolutionGuid = {06095334-0BBD-4FDA-A230-272D08AFB221}
	EndGlobalSection
EndGlobal
