Microsoft Visual Studio Solution File, Format Version 12.00
# Visual Studio Version 17
VisualStudioVersion = 17.1.32228.430
MinimumVisualStudioVersion = 10.0.40219.1
Project("{9A19103F-16F7-4668-BE54-9A1E7A4F7556}") = "Intersect.Core", "Intersect (Core)\Intersect.Core.csproj", "{BC304B43-1F2C-4454-9EDC-48F47357CA94}"
EndProject
Project("{9A19103F-16F7-4668-BE54-9A1E7A4F7556}") = "Intersect.Client", "Intersect.Client\Intersect.Client.csproj", "{250CFACD-95A8-438F-B66E-987279B89576}"
EndProject
Project("{9A19103F-16F7-4668-BE54-9A1E7A4F7556}") = "Intersect.Client.Core", "Intersect.Client.Core\Intersect.Client.Core.csproj", "{1456C77A-D0F6-4DAE-8D32-59BF335F5165}"
EndProject
Project("{9A19103F-16F7-4668-BE54-9A1E7A4F7556}") = "Intersect.Client.Framework", "Intersect.Client.Framework\Intersect.Client.Framework.csproj", "{40973F13-3339-4548-9008-FF76A0C8CD79}"
EndProject
Project("{9A19103F-16F7-4668-BE54-9A1E7A4F7556}") = "Intersect.Network", "Intersect.Network\Intersect.Network.csproj", "{E8F288CB-51DF-4D9D-A3B3-A61BD4FD3F45}"
EndProject
Project("{9A19103F-16F7-4668-BE54-9A1E7A4F7556}") = "Intersect.Server", "Intersect.Server\Intersect.Server.csproj", "{9FFC7331-87BE-403B-82A0-B86D3CCE7C53}"
EndProject
Project("{9A19103F-16F7-4668-BE54-9A1E7A4F7556}") = "Intersect.Server.Framework", "Intersect.Server.Framework\Intersect.Server.Framework.csproj", "{4E38C9B0-DF8C-44E4-9704-D6B05E092733}"
EndProject
Project("{9A19103F-16F7-4668-BE54-9A1E7A4F7556}") = "Intersect.Tests", "Intersect.Tests\Intersect.Tests.csproj", "{4030D4D5-9DC6-496D-9763-9A41DD1DECBE}"
EndProject
Project("{9A19103F-16F7-4668-BE54-9A1E7A4F7556}") = "Intersect.Tests.Client", "Intersect.Tests.Client\Intersect.Tests.Client.csproj", "{49599C25-3C71-4EE5-98C9-957EE20F7DE7}"
EndProject
Project("{9A19103F-16F7-4668-BE54-9A1E7A4F7556}") = "Intersect.Tests.Client.Framework", "Intersect.Tests.Client.Framework\Intersect.Tests.Client.Framework.csproj", "{83033560-06F2-4155-9956-E4F0F06DC113}"
EndProject
Project("{9A19103F-16F7-4668-BE54-9A1E7A4F7556}") = "Intersect.Tests.Network", "Intersect.Tests.Network\Intersect.Tests.Network.csproj", "{E66A4B60-E79C-4222-A702-94D3CC7A2377}"
EndProject
Project("{9A19103F-16F7-4668-BE54-9A1E7A4F7556}") = "Intersect.Tests.Server", "Intersect.Tests.Server\Intersect.Tests.Server.csproj", "{F55A208D-6E20-462F-A204-EF13BCCF67D8}"
EndProject
Project("{2150E333-8FDC-42A3-9474-1A3956D46DE8}") = "Solution Files", "Solution Files", "{0C9FAC99-60FC-4063-A15F-7A200096F67C}"
	ProjectSection(SolutionItems) = preProject
		.editorconfig = .editorconfig
		.gitattributes = .gitattributes
		.gitignore = .gitignore
		AUTHORS.md = AUTHORS.md
		CODE_OF_CONDUCT.md = CODE_OF_CONDUCT.md
		CONTRIBUTING.md = CONTRIBUTING.md
		Directory.Build.props = Directory.Build.props
		Intersect.props = Intersect.props
		LICENSE.md = LICENSE.md
		NuGet.Config = NuGet.Config
		README.md = README.md
		SECURITY.md = SECURITY.md
		VERSIONING.md = VERSIONING.md
		Common.props = Common.props
	EndProjectSection
EndProject
Project("{2150E333-8FDC-42A3-9474-1A3956D46DE8}") = "targets", "targets", "{BAD9DA5F-4FA5-42A3-A58A-A7B880573121}"
	ProjectSection(SolutionItems) = preProject
		targets\AscensionGameDev.Intersect.Client.Framework.targets = targets\AscensionGameDev.Intersect.Client.Framework.targets
		targets\AscensionGameDev.Intersect.CommonVariables.targets = targets\AscensionGameDev.Intersect.CommonVariables.targets
		targets\AscensionGameDev.Intersect.Server.Framework.targets = targets\AscensionGameDev.Intersect.Server.Framework.targets
		targets\FindIntersect.targets = targets\FindIntersect.targets
		targets\Intersect.Building.KeyGeneration.msbuild = targets\Intersect.Building.KeyGeneration.msbuild
	EndProjectSection
EndProject
Project("{2150E333-8FDC-42A3-9474-1A3956D46DE8}") = "Tests", "Tests", "{91D46B09-C92B-450B-AEC2-C7A6EE0F8E3B}"
EndProject
Project("{2150E333-8FDC-42A3-9474-1A3956D46DE8}") = "Dependencies", "Dependencies", "{31380BF9-EC1C-4ABE-8A1A-A715B6DF024A}"
EndProject
Project("{9A19103F-16F7-4668-BE54-9A1E7A4F7556}") = "LiteNetLib", "vendor\LiteNetLib\LiteNetLib\LiteNetLib.csproj", "{03C1FB5D-DFB0-414D-831F-BD14DEE49B6A}"
EndProject
Project("{2150E333-8FDC-42A3-9474-1A3956D46DE8}") = "Framework", "Framework", "{1ABC3725-EB8C-494E-8BA8-A991CE7BD7A1}"
	ProjectSection(SolutionItems) = preProject
		Framework\Directory.Build.props = Framework\Directory.Build.props
	EndProjectSection
EndProject
Project("{9A19103F-16F7-4668-BE54-9A1E7A4F7556}") = "Intersect.Framework", "Framework\Intersect.Framework\Intersect.Framework.csproj", "{1E87D2A5-7E36-4583-A533-064C97E330EE}"
EndProject
Project("{FAE04EC0-301F-11D3-BF4B-00C04F79EFBC}") = "Intersect.Framework.Core", "Framework\Intersect.Framework.Core\Intersect.Framework.Core.csproj", "{CD824F78-E469-496D-9DB6-0B0F0A24E5BF}"
EndProject
Project("{FAE04EC0-301F-11D3-BF4B-00C04F79EFBC}") = "Intersect.Framework.Multitarget", "Framework\Intersect.Framework.Multitarget\Intersect.Framework.Multitarget.csproj", "{DDAB5DB5-1B9E-48E2-9BAC-E7570ACCC0FA}"
EndProject
Project("{2150E333-8FDC-42A3-9474-1A3956D46DE8}") = "Utilities", "Utilities", "{D89EF539-3EC6-4D07-9E98-65BC55F1DAA4}"
	ProjectSection(SolutionItems) = preProject
		Utilities\Directory.Build.props = Utilities\Directory.Build.props
	EndProjectSection
EndProject
Project("{9A19103F-16F7-4668-BE54-9A1E7A4F7556}") = "Intersect.OpenPortChecker", "Utilities\Intersect.OpenPortChecker\Intersect.OpenPortChecker.csproj", "{8BA9007B-9707-46F3-9836-F93C99F8C0C7}"
EndProject
Project("{9A19103F-16F7-4668-BE54-9A1E7A4F7556}") = "Intersect.Server.Core", "Intersect.Server.Core\Intersect.Server.Core.csproj", "{C62BA88C-C3D8-476B-87CA-3D968B82E19B}"
EndProject
Project("{9A19103F-16F7-4668-BE54-9A1E7A4F7556}") = "Intersect.SinglePlayer", "Intersect.SinglePlayer\Intersect.SinglePlayer.csproj", "{999025E8-C034-4A91-8166-5C2D95E9C9C3}"
EndProject
Project("{2150E333-8FDC-42A3-9474-1A3956D46DE8}") = "Single Player", "Single Player", "{F990372C-0580-4D69-89DC-A46A86396BBD}"
EndProject
Project("{9A19103F-16F7-4668-BE54-9A1E7A4F7556}") = "WinFormsUI", "vendor\dockpanelsuite\WinFormsUI\WinFormsUI.csproj", "{D831728A-6328-4F96-9692-8FE64E0B0AAD}"
EndProject
Project("{9A19103F-16F7-4668-BE54-9A1E7A4F7556}") = "ThemeVS2015", "vendor\dockpanelsuite\WinFormsUI\ThemeVS2015.csproj", "{B9678B78-A00D-4765-9380-B1DC4EFD642D}"
EndProject
Project("{9A19103F-16F7-4668-BE54-9A1E7A4F7556}") = "Intersect.Editor", "Intersect.Editor\Intersect.Editor.csproj", "{5AC53DF1-8152-466D-B7D0-238657F013F7}"
EndProject
Project("{9A19103F-16F7-4668-BE54-9A1E7A4F7556}") = "Intersect.Tests.Editor", "Intersect.Tests.Editor\Intersect.Tests.Editor.csproj", "{3E8FC79E-D0B3-4554-9ABD-BD6DCBFBEE5D}"
EndProject
Project("{2150E333-8FDC-42A3-9474-1A3956D46DE8}") = "Plugins", "Plugins", "{69F06A61-5BD8-4D11-90D0-DE9AEAD2D09A}"
	ProjectSection(SolutionItems) = preProject
		Examples\IntersectPlugin.props = Examples\IntersectPlugin.props
		Examples\Directory.Build.props = Examples\Directory.Build.props
	EndProjectSection
EndProject
Project("{FAE04EC0-301F-11D3-BF4B-00C04F79EFBC}") = "Intersect.Examples.Plugin", "Examples\Intersect.Examples.Plugin\Intersect.Examples.Plugin.csproj", "{3F994F9D-ADAE-4F79-8FF6-3D7523EE9315}"
EndProject
Project("{FAE04EC0-301F-11D3-BF4B-00C04F79EFBC}") = "Intersect.Examples.Plugin.Server", "Examples\Intersect.Examples.Plugin.Server\Intersect.Examples.Plugin.Server.csproj", "{792D9894-6092-4412-BCD0-7BA64A6B7A87}"
EndProject
Project("{FAE04EC0-301F-11D3-BF4B-00C04F79EFBC}") = "Intersect.Examples.Plugin.Client", "Examples\Intersect.Examples.Plugin.Client\Intersect.Examples.Plugin.Client.csproj", "{FC255E92-4E35-4E2C-A7F0-638B06096E67}"
EndProject
Project("{FAE04EC0-301F-11D3-BF4B-00C04F79EFBC}") = "Intersect.Examples.Plugin.Client.Tests", "Examples\Intersect.Examples.Plugin.Client.Tests\Intersect.Examples.Plugin.Client.Tests.csproj", "{CC88BF08-CBF5-4AF2-823C-8291C5903168}"
EndProject
Project("{F184B08F-C81C-45F6-A57F-5ABD9991F28F}") = "Intersect.Examples.Plugin.ClientVB", "Examples\Intersect.Examples.Plugin.ClientVB\Intersect.Examples.Plugin.ClientVB.vbproj", "{8C8CD5C9-6BB3-4C4C-AB93-968BAD44F9CC}"
EndProject
Project("{FAE04EC0-301F-11D3-BF4B-00C04F79EFBC}") = "Intersect.Examples.Plugin.Multitarget", "Examples\Intersect.Examples.Plugin.Multitarget\Intersect.Examples.Plugin.Multitarget.csproj", "{39CCE9FC-A5AA-47E6-91E9-8AAF494CBE40}"
EndProject
Global
	GlobalSection(SolutionConfigurationPlatforms) = preSolution
		Debug|Any CPU = Debug|Any CPU
		Release|Any CPU = Release|Any CPU
		DebugTests|Any CPU = DebugTests|Any CPU
		DebugFull|Any CPU = DebugFull|Any CPU
		DebugPlugins|Any CPU = DebugPlugins|Any CPU
	EndGlobalSection
	GlobalSection(ProjectConfigurationPlatforms) = postSolution
		{BC304B43-1F2C-4454-9EDC-48F47357CA94}.Debug|Any CPU.ActiveCfg = Debug|Any CPU
		{BC304B43-1F2C-4454-9EDC-48F47357CA94}.Debug|Any CPU.Build.0 = Debug|Any CPU
		{BC304B43-1F2C-4454-9EDC-48F47357CA94}.Release|Any CPU.ActiveCfg = Release|Any CPU
		{BC304B43-1F2C-4454-9EDC-48F47357CA94}.Release|Any CPU.Build.0 = Release|Any CPU
		{BC304B43-1F2C-4454-9EDC-48F47357CA94}.DebugTests|Any CPU.ActiveCfg = DebugTests|Any CPU
		{BC304B43-1F2C-4454-9EDC-48F47357CA94}.DebugTests|Any CPU.Build.0 = DebugTests|Any CPU
		{BC304B43-1F2C-4454-9EDC-48F47357CA94}.DebugFull|Any CPU.ActiveCfg = DebugFull|Any CPU
		{BC304B43-1F2C-4454-9EDC-48F47357CA94}.DebugFull|Any CPU.Build.0 = DebugFull|Any CPU
		{BC304B43-1F2C-4454-9EDC-48F47357CA94}.DebugPlugins|Any CPU.ActiveCfg = DebugPlugins|Any CPU
		{BC304B43-1F2C-4454-9EDC-48F47357CA94}.DebugPlugins|Any CPU.Build.0 = DebugPlugins|Any CPU
		{250CFACD-95A8-438F-B66E-987279B89576}.Debug|Any CPU.ActiveCfg = Debug|Any CPU
		{250CFACD-95A8-438F-B66E-987279B89576}.Debug|Any CPU.Build.0 = Debug|Any CPU
		{250CFACD-95A8-438F-B66E-987279B89576}.Release|Any CPU.ActiveCfg = Release|Any CPU
		{250CFACD-95A8-438F-B66E-987279B89576}.Release|Any CPU.Build.0 = Release|Any CPU
		{250CFACD-95A8-438F-B66E-987279B89576}.DebugTests|Any CPU.ActiveCfg = DebugTests|Any CPU
		{250CFACD-95A8-438F-B66E-987279B89576}.DebugTests|Any CPU.Build.0 = DebugTests|Any CPU
		{250CFACD-95A8-438F-B66E-987279B89576}.DebugFull|Any CPU.ActiveCfg = DebugFull|Any CPU
		{250CFACD-95A8-438F-B66E-987279B89576}.DebugFull|Any CPU.Build.0 = DebugFull|Any CPU
		{250CFACD-95A8-438F-B66E-987279B89576}.DebugPlugins|Any CPU.ActiveCfg = DebugPlugins|Any CPU
		{250CFACD-95A8-438F-B66E-987279B89576}.DebugPlugins|Any CPU.Build.0 = DebugPlugins|Any CPU
		{1456C77A-D0F6-4DAE-8D32-59BF335F5165}.Debug|Any CPU.ActiveCfg = Debug|Any CPU
		{1456C77A-D0F6-4DAE-8D32-59BF335F5165}.Debug|Any CPU.Build.0 = Debug|Any CPU
		{1456C77A-D0F6-4DAE-8D32-59BF335F5165}.Release|Any CPU.ActiveCfg = Release|Any CPU
		{1456C77A-D0F6-4DAE-8D32-59BF335F5165}.Release|Any CPU.Build.0 = Release|Any CPU
		{1456C77A-D0F6-4DAE-8D32-59BF335F5165}.DebugTests|Any CPU.ActiveCfg = DebugTests|Any CPU
		{1456C77A-D0F6-4DAE-8D32-59BF335F5165}.DebugTests|Any CPU.Build.0 = DebugTests|Any CPU
		{1456C77A-D0F6-4DAE-8D32-59BF335F5165}.DebugFull|Any CPU.ActiveCfg = DebugFull|Any CPU
		{1456C77A-D0F6-4DAE-8D32-59BF335F5165}.DebugFull|Any CPU.Build.0 = DebugFull|Any CPU
		{1456C77A-D0F6-4DAE-8D32-59BF335F5165}.DebugPlugins|Any CPU.ActiveCfg = DebugPlugins|Any CPU
		{1456C77A-D0F6-4DAE-8D32-59BF335F5165}.DebugPlugins|Any CPU.Build.0 = DebugPlugins|Any CPU
		{40973F13-3339-4548-9008-FF76A0C8CD79}.Debug|Any CPU.ActiveCfg = Debug|Any CPU
		{40973F13-3339-4548-9008-FF76A0C8CD79}.Debug|Any CPU.Build.0 = Debug|Any CPU
		{40973F13-3339-4548-9008-FF76A0C8CD79}.Release|Any CPU.ActiveCfg = Release|Any CPU
		{40973F13-3339-4548-9008-FF76A0C8CD79}.Release|Any CPU.Build.0 = Release|Any CPU
		{40973F13-3339-4548-9008-FF76A0C8CD79}.DebugTests|Any CPU.ActiveCfg = DebugTests|Any CPU
		{40973F13-3339-4548-9008-FF76A0C8CD79}.DebugTests|Any CPU.Build.0 = DebugTests|Any CPU
		{40973F13-3339-4548-9008-FF76A0C8CD79}.DebugFull|Any CPU.ActiveCfg = DebugFull|Any CPU
		{40973F13-3339-4548-9008-FF76A0C8CD79}.DebugFull|Any CPU.Build.0 = DebugFull|Any CPU
		{40973F13-3339-4548-9008-FF76A0C8CD79}.DebugPlugins|Any CPU.ActiveCfg = DebugPlugins|Any CPU
		{40973F13-3339-4548-9008-FF76A0C8CD79}.DebugPlugins|Any CPU.Build.0 = DebugPlugins|Any CPU
		{E8F288CB-51DF-4D9D-A3B3-A61BD4FD3F45}.Debug|Any CPU.ActiveCfg = Debug|Any CPU
		{E8F288CB-51DF-4D9D-A3B3-A61BD4FD3F45}.Debug|Any CPU.Build.0 = Debug|Any CPU
		{E8F288CB-51DF-4D9D-A3B3-A61BD4FD3F45}.Release|Any CPU.ActiveCfg = Release|Any CPU
		{E8F288CB-51DF-4D9D-A3B3-A61BD4FD3F45}.Release|Any CPU.Build.0 = Release|Any CPU
		{E8F288CB-51DF-4D9D-A3B3-A61BD4FD3F45}.DebugTests|Any CPU.ActiveCfg = DebugTests|Any CPU
		{E8F288CB-51DF-4D9D-A3B3-A61BD4FD3F45}.DebugTests|Any CPU.Build.0 = DebugTests|Any CPU
		{E8F288CB-51DF-4D9D-A3B3-A61BD4FD3F45}.DebugFull|Any CPU.ActiveCfg = DebugFull|Any CPU
		{E8F288CB-51DF-4D9D-A3B3-A61BD4FD3F45}.DebugFull|Any CPU.Build.0 = DebugFull|Any CPU
		{E8F288CB-51DF-4D9D-A3B3-A61BD4FD3F45}.DebugPlugins|Any CPU.ActiveCfg = DebugPlugins|Any CPU
		{E8F288CB-51DF-4D9D-A3B3-A61BD4FD3F45}.DebugPlugins|Any CPU.Build.0 = DebugPlugins|Any CPU
		{9FFC7331-87BE-403B-82A0-B86D3CCE7C53}.Debug|Any CPU.ActiveCfg = Debug|Any CPU
		{9FFC7331-87BE-403B-82A0-B86D3CCE7C53}.Debug|Any CPU.Build.0 = Debug|Any CPU
		{9FFC7331-87BE-403B-82A0-B86D3CCE7C53}.Release|Any CPU.ActiveCfg = Release|Any CPU
		{9FFC7331-87BE-403B-82A0-B86D3CCE7C53}.Release|Any CPU.Build.0 = Release|Any CPU
		{9FFC7331-87BE-403B-82A0-B86D3CCE7C53}.DebugTests|Any CPU.ActiveCfg = DebugTests|Any CPU
		{9FFC7331-87BE-403B-82A0-B86D3CCE7C53}.DebugTests|Any CPU.Build.0 = DebugTests|Any CPU
		{9FFC7331-87BE-403B-82A0-B86D3CCE7C53}.DebugFull|Any CPU.ActiveCfg = DebugFull|Any CPU
		{9FFC7331-87BE-403B-82A0-B86D3CCE7C53}.DebugFull|Any CPU.Build.0 = DebugFull|Any CPU
		{9FFC7331-87BE-403B-82A0-B86D3CCE7C53}.DebugPlugins|Any CPU.ActiveCfg = DebugPlugins|Any CPU
		{9FFC7331-87BE-403B-82A0-B86D3CCE7C53}.DebugPlugins|Any CPU.Build.0 = DebugPlugins|Any CPU
		{4E38C9B0-DF8C-44E4-9704-D6B05E092733}.Debug|Any CPU.ActiveCfg = Debug|Any CPU
		{4E38C9B0-DF8C-44E4-9704-D6B05E092733}.Debug|Any CPU.Build.0 = Debug|Any CPU
		{4E38C9B0-DF8C-44E4-9704-D6B05E092733}.Release|Any CPU.ActiveCfg = Release|Any CPU
		{4E38C9B0-DF8C-44E4-9704-D6B05E092733}.Release|Any CPU.Build.0 = Release|Any CPU
		{4E38C9B0-DF8C-44E4-9704-D6B05E092733}.DebugTests|Any CPU.ActiveCfg = DebugTests|Any CPU
		{4E38C9B0-DF8C-44E4-9704-D6B05E092733}.DebugTests|Any CPU.Build.0 = DebugTests|Any CPU
		{4E38C9B0-DF8C-44E4-9704-D6B05E092733}.DebugFull|Any CPU.ActiveCfg = DebugFull|Any CPU
		{4E38C9B0-DF8C-44E4-9704-D6B05E092733}.DebugFull|Any CPU.Build.0 = DebugFull|Any CPU
		{4E38C9B0-DF8C-44E4-9704-D6B05E092733}.DebugPlugins|Any CPU.ActiveCfg = DebugPlugins|Any CPU
		{4E38C9B0-DF8C-44E4-9704-D6B05E092733}.DebugPlugins|Any CPU.Build.0 = DebugPlugins|Any CPU
		{4030D4D5-9DC6-496D-9763-9A41DD1DECBE}.Debug|Any CPU.ActiveCfg = Debug|Any CPU
		{4030D4D5-9DC6-496D-9763-9A41DD1DECBE}.Release|Any CPU.ActiveCfg = Release|Any CPU
		{4030D4D5-9DC6-496D-9763-9A41DD1DECBE}.DebugTests|Any CPU.ActiveCfg = DebugTests|Any CPU
		{4030D4D5-9DC6-496D-9763-9A41DD1DECBE}.DebugTests|Any CPU.Build.0 = DebugTests|Any CPU
		{4030D4D5-9DC6-496D-9763-9A41DD1DECBE}.DebugFull|Any CPU.ActiveCfg = DebugFull|Any CPU
		{4030D4D5-9DC6-496D-9763-9A41DD1DECBE}.DebugFull|Any CPU.Build.0 = DebugFull|Any CPU
		{4030D4D5-9DC6-496D-9763-9A41DD1DECBE}.DebugPlugins|Any CPU.ActiveCfg = DebugPlugins|Any CPU
		{4030D4D5-9DC6-496D-9763-9A41DD1DECBE}.DebugPlugins|Any CPU.Build.0 = DebugPlugins|Any CPU
		{49599C25-3C71-4EE5-98C9-957EE20F7DE7}.Debug|Any CPU.ActiveCfg = Debug|Any CPU
		{49599C25-3C71-4EE5-98C9-957EE20F7DE7}.Release|Any CPU.ActiveCfg = Release|Any CPU
		{49599C25-3C71-4EE5-98C9-957EE20F7DE7}.DebugTests|Any CPU.ActiveCfg = DebugTests|Any CPU
		{49599C25-3C71-4EE5-98C9-957EE20F7DE7}.DebugTests|Any CPU.Build.0 = DebugTests|Any CPU
		{49599C25-3C71-4EE5-98C9-957EE20F7DE7}.DebugFull|Any CPU.ActiveCfg = DebugFull|Any CPU
		{49599C25-3C71-4EE5-98C9-957EE20F7DE7}.DebugFull|Any CPU.Build.0 = DebugFull|Any CPU
		{49599C25-3C71-4EE5-98C9-957EE20F7DE7}.DebugPlugins|Any CPU.ActiveCfg = DebugPlugins|Any CPU
		{49599C25-3C71-4EE5-98C9-957EE20F7DE7}.DebugPlugins|Any CPU.Build.0 = DebugPlugins|Any CPU
		{83033560-06F2-4155-9956-E4F0F06DC113}.Debug|Any CPU.ActiveCfg = Debug|Any CPU
		{83033560-06F2-4155-9956-E4F0F06DC113}.Release|Any CPU.ActiveCfg = Release|Any CPU
		{83033560-06F2-4155-9956-E4F0F06DC113}.DebugTests|Any CPU.ActiveCfg = DebugTests|Any CPU
		{83033560-06F2-4155-9956-E4F0F06DC113}.DebugTests|Any CPU.Build.0 = DebugTests|Any CPU
		{83033560-06F2-4155-9956-E4F0F06DC113}.DebugFull|Any CPU.ActiveCfg = DebugFull|Any CPU
		{83033560-06F2-4155-9956-E4F0F06DC113}.DebugFull|Any CPU.Build.0 = DebugFull|Any CPU
		{83033560-06F2-4155-9956-E4F0F06DC113}.DebugPlugins|Any CPU.ActiveCfg = DebugPlugins|Any CPU
		{83033560-06F2-4155-9956-E4F0F06DC113}.DebugPlugins|Any CPU.Build.0 = DebugPlugins|Any CPU
		{E66A4B60-E79C-4222-A702-94D3CC7A2377}.Debug|Any CPU.ActiveCfg = Debug|Any CPU
		{E66A4B60-E79C-4222-A702-94D3CC7A2377}.Release|Any CPU.ActiveCfg = Release|Any CPU
		{E66A4B60-E79C-4222-A702-94D3CC7A2377}.DebugTests|Any CPU.ActiveCfg = DebugTests|Any CPU
		{E66A4B60-E79C-4222-A702-94D3CC7A2377}.DebugTests|Any CPU.Build.0 = DebugTests|Any CPU
		{E66A4B60-E79C-4222-A702-94D3CC7A2377}.DebugFull|Any CPU.ActiveCfg = DebugFull|Any CPU
		{E66A4B60-E79C-4222-A702-94D3CC7A2377}.DebugFull|Any CPU.Build.0 = DebugFull|Any CPU
		{E66A4B60-E79C-4222-A702-94D3CC7A2377}.DebugPlugins|Any CPU.ActiveCfg = DebugPlugins|Any CPU
		{E66A4B60-E79C-4222-A702-94D3CC7A2377}.DebugPlugins|Any CPU.Build.0 = DebugPlugins|Any CPU
		{F55A208D-6E20-462F-A204-EF13BCCF67D8}.Debug|Any CPU.ActiveCfg = Debug|Any CPU
		{F55A208D-6E20-462F-A204-EF13BCCF67D8}.Release|Any CPU.ActiveCfg = Release|Any CPU
		{F55A208D-6E20-462F-A204-EF13BCCF67D8}.DebugTests|Any CPU.ActiveCfg = DebugTests|Any CPU
		{F55A208D-6E20-462F-A204-EF13BCCF67D8}.DebugTests|Any CPU.Build.0 = DebugTests|Any CPU
		{F55A208D-6E20-462F-A204-EF13BCCF67D8}.DebugFull|Any CPU.ActiveCfg = DebugFull|Any CPU
		{F55A208D-6E20-462F-A204-EF13BCCF67D8}.DebugFull|Any CPU.Build.0 = DebugFull|Any CPU
		{F55A208D-6E20-462F-A204-EF13BCCF67D8}.DebugPlugins|Any CPU.ActiveCfg = DebugPlugins|Any CPU
		{F55A208D-6E20-462F-A204-EF13BCCF67D8}.DebugPlugins|Any CPU.Build.0 = DebugPlugins|Any CPU
		{03C1FB5D-DFB0-414D-831F-BD14DEE49B6A}.Debug|Any CPU.ActiveCfg = Debug|Any CPU
		{03C1FB5D-DFB0-414D-831F-BD14DEE49B6A}.Debug|Any CPU.Build.0 = Debug|Any CPU
		{03C1FB5D-DFB0-414D-831F-BD14DEE49B6A}.Release|Any CPU.ActiveCfg = Release|Any CPU
		{03C1FB5D-DFB0-414D-831F-BD14DEE49B6A}.Release|Any CPU.Build.0 = Release|Any CPU
		{03C1FB5D-DFB0-414D-831F-BD14DEE49B6A}.DebugTests|Any CPU.ActiveCfg = DebugTests|Any CPU
		{03C1FB5D-DFB0-414D-831F-BD14DEE49B6A}.DebugTests|Any CPU.Build.0 = DebugTests|Any CPU
		{03C1FB5D-DFB0-414D-831F-BD14DEE49B6A}.DebugFull|Any CPU.ActiveCfg = DebugFull|Any CPU
		{03C1FB5D-DFB0-414D-831F-BD14DEE49B6A}.DebugFull|Any CPU.Build.0 = DebugFull|Any CPU
		{03C1FB5D-DFB0-414D-831F-BD14DEE49B6A}.DebugPlugins|Any CPU.ActiveCfg = DebugPlugins|Any CPU
		{03C1FB5D-DFB0-414D-831F-BD14DEE49B6A}.DebugPlugins|Any CPU.Build.0 = DebugPlugins|Any CPU
		{8BA9007B-9707-46F3-9836-F93C99F8C0C7}.Debug|Any CPU.ActiveCfg = Debug|Any CPU
		{8BA9007B-9707-46F3-9836-F93C99F8C0C7}.Debug|Any CPU.Build.0 = Debug|Any CPU
		{8BA9007B-9707-46F3-9836-F93C99F8C0C7}.Release|Any CPU.ActiveCfg = Release|Any CPU
		{8BA9007B-9707-46F3-9836-F93C99F8C0C7}.Release|Any CPU.Build.0 = Release|Any CPU
		{8BA9007B-9707-46F3-9836-F93C99F8C0C7}.DebugTests|Any CPU.ActiveCfg = DebugTests|Any CPU
		{8BA9007B-9707-46F3-9836-F93C99F8C0C7}.DebugTests|Any CPU.Build.0 = DebugTests|Any CPU
		{8BA9007B-9707-46F3-9836-F93C99F8C0C7}.DebugFull|Any CPU.ActiveCfg = DebugFull|Any CPU
		{8BA9007B-9707-46F3-9836-F93C99F8C0C7}.DebugFull|Any CPU.Build.0 = DebugFull|Any CPU
		{8BA9007B-9707-46F3-9836-F93C99F8C0C7}.DebugPlugins|Any CPU.ActiveCfg = DebugPlugins|Any CPU
		{8BA9007B-9707-46F3-9836-F93C99F8C0C7}.DebugPlugins|Any CPU.Build.0 = DebugPlugins|Any CPU
		{C62BA88C-C3D8-476B-87CA-3D968B82E19B}.Debug|Any CPU.ActiveCfg = Debug|Any CPU
		{C62BA88C-C3D8-476B-87CA-3D968B82E19B}.Debug|Any CPU.Build.0 = Debug|Any CPU
		{C62BA88C-C3D8-476B-87CA-3D968B82E19B}.Release|Any CPU.ActiveCfg = Release|Any CPU
		{C62BA88C-C3D8-476B-87CA-3D968B82E19B}.Release|Any CPU.Build.0 = Release|Any CPU
		{C62BA88C-C3D8-476B-87CA-3D968B82E19B}.DebugTests|Any CPU.ActiveCfg = DebugTests|Any CPU
		{C62BA88C-C3D8-476B-87CA-3D968B82E19B}.DebugTests|Any CPU.Build.0 = DebugTests|Any CPU
		{C62BA88C-C3D8-476B-87CA-3D968B82E19B}.DebugFull|Any CPU.ActiveCfg = DebugFull|Any CPU
		{C62BA88C-C3D8-476B-87CA-3D968B82E19B}.DebugFull|Any CPU.Build.0 = DebugFull|Any CPU
		{C62BA88C-C3D8-476B-87CA-3D968B82E19B}.DebugPlugins|Any CPU.ActiveCfg = DebugPlugins|Any CPU
		{C62BA88C-C3D8-476B-87CA-3D968B82E19B}.DebugPlugins|Any CPU.Build.0 = DebugPlugins|Any CPU
		{999025E8-C034-4A91-8166-5C2D95E9C9C3}.Debug|Any CPU.ActiveCfg = Debug|Any CPU
		{999025E8-C034-4A91-8166-5C2D95E9C9C3}.Debug|Any CPU.Build.0 = Debug|Any CPU
		{999025E8-C034-4A91-8166-5C2D95E9C9C3}.Release|Any CPU.ActiveCfg = Release|Any CPU
		{999025E8-C034-4A91-8166-5C2D95E9C9C3}.Release|Any CPU.Build.0 = Release|Any CPU
		{999025E8-C034-4A91-8166-5C2D95E9C9C3}.DebugTests|Any CPU.ActiveCfg = DebugTests|Any CPU
		{999025E8-C034-4A91-8166-5C2D95E9C9C3}.DebugTests|Any CPU.Build.0 = DebugTests|Any CPU
		{999025E8-C034-4A91-8166-5C2D95E9C9C3}.DebugFull|Any CPU.ActiveCfg = DebugFull|Any CPU
		{999025E8-C034-4A91-8166-5C2D95E9C9C3}.DebugFull|Any CPU.Build.0 = DebugFull|Any CPU
		{999025E8-C034-4A91-8166-5C2D95E9C9C3}.DebugPlugins|Any CPU.ActiveCfg = DebugPlugins|Any CPU
		{999025E8-C034-4A91-8166-5C2D95E9C9C3}.DebugPlugins|Any CPU.Build.0 = DebugPlugins|Any CPU
		{5AC53DF1-8152-466D-B7D0-238657F013F7}.Debug|Any CPU.ActiveCfg = Debug|Any CPU
		{5AC53DF1-8152-466D-B7D0-238657F013F7}.Debug|Any CPU.Build.0 = Debug|Any CPU
		{5AC53DF1-8152-466D-B7D0-238657F013F7}.Release|Any CPU.ActiveCfg = Release|Any CPU
		{5AC53DF1-8152-466D-B7D0-238657F013F7}.Release|Any CPU.Build.0 = Release|Any CPU
		{5AC53DF1-8152-466D-B7D0-238657F013F7}.DebugTests|Any CPU.ActiveCfg = DebugTests|Any CPU
		{5AC53DF1-8152-466D-B7D0-238657F013F7}.DebugTests|Any CPU.Build.0 = DebugTests|Any CPU
		{5AC53DF1-8152-466D-B7D0-238657F013F7}.DebugFull|Any CPU.ActiveCfg = DebugFull|Any CPU
		{5AC53DF1-8152-466D-B7D0-238657F013F7}.DebugFull|Any CPU.Build.0 = DebugFull|Any CPU
		{5AC53DF1-8152-466D-B7D0-238657F013F7}.DebugPlugins|Any CPU.ActiveCfg = DebugPlugins|Any CPU
		{5AC53DF1-8152-466D-B7D0-238657F013F7}.DebugPlugins|Any CPU.Build.0 = DebugPlugins|Any CPU
		{3E8FC79E-D0B3-4554-9ABD-BD6DCBFBEE5D}.Debug|Any CPU.ActiveCfg = Debug|Any CPU
		{3E8FC79E-D0B3-4554-9ABD-BD6DCBFBEE5D}.Release|Any CPU.ActiveCfg = Release|Any CPU
		{3E8FC79E-D0B3-4554-9ABD-BD6DCBFBEE5D}.DebugTests|Any CPU.ActiveCfg = DebugTests|Any CPU
		{3E8FC79E-D0B3-4554-9ABD-BD6DCBFBEE5D}.DebugTests|Any CPU.Build.0 = DebugTests|Any CPU
		{3E8FC79E-D0B3-4554-9ABD-BD6DCBFBEE5D}.DebugFull|Any CPU.ActiveCfg = DebugFull|Any CPU
		{3E8FC79E-D0B3-4554-9ABD-BD6DCBFBEE5D}.DebugFull|Any CPU.Build.0 = DebugFull|Any CPU
		{3E8FC79E-D0B3-4554-9ABD-BD6DCBFBEE5D}.DebugPlugins|Any CPU.ActiveCfg = DebugPlugins|Any CPU
		{3E8FC79E-D0B3-4554-9ABD-BD6DCBFBEE5D}.DebugPlugins|Any CPU.Build.0 = DebugPlugins|Any CPU
		{D831728A-6328-4F96-9692-8FE64E0B0AAD}.Debug|Any CPU.ActiveCfg = Debug|Any CPU
		{D831728A-6328-4F96-9692-8FE64E0B0AAD}.Debug|Any CPU.Build.0 = Debug|Any CPU
		{D831728A-6328-4F96-9692-8FE64E0B0AAD}.Release|Any CPU.ActiveCfg = Release|Any CPU
		{D831728A-6328-4F96-9692-8FE64E0B0AAD}.Release|Any CPU.Build.0 = Release|Any CPU
		{D831728A-6328-4F96-9692-8FE64E0B0AAD}.DebugTests|Any CPU.ActiveCfg = DebugTests|Any CPU
		{D831728A-6328-4F96-9692-8FE64E0B0AAD}.DebugTests|Any CPU.Build.0 = DebugTests|Any CPU
		{D831728A-6328-4F96-9692-8FE64E0B0AAD}.DebugFull|Any CPU.ActiveCfg = DebugFull|Any CPU
		{D831728A-6328-4F96-9692-8FE64E0B0AAD}.DebugFull|Any CPU.Build.0 = DebugFull|Any CPU
		{D831728A-6328-4F96-9692-8FE64E0B0AAD}.DebugPlugins|Any CPU.ActiveCfg = DebugPlugins|Any CPU
		{D831728A-6328-4F96-9692-8FE64E0B0AAD}.DebugPlugins|Any CPU.Build.0 = DebugPlugins|Any CPU
		{B9678B78-A00D-4765-9380-B1DC4EFD642D}.Debug|Any CPU.ActiveCfg = Debug|Any CPU
		{B9678B78-A00D-4765-9380-B1DC4EFD642D}.Debug|Any CPU.Build.0 = Debug|Any CPU
		{B9678B78-A00D-4765-9380-B1DC4EFD642D}.Release|Any CPU.ActiveCfg = Release|Any CPU
		{B9678B78-A00D-4765-9380-B1DC4EFD642D}.Release|Any CPU.Build.0 = Release|Any CPU
		{B9678B78-A00D-4765-9380-B1DC4EFD642D}.DebugTests|Any CPU.ActiveCfg = DebugTests|Any CPU
		{B9678B78-A00D-4765-9380-B1DC4EFD642D}.DebugTests|Any CPU.Build.0 = DebugTests|Any CPU
		{B9678B78-A00D-4765-9380-B1DC4EFD642D}.DebugFull|Any CPU.ActiveCfg = DebugFull|Any CPU
		{B9678B78-A00D-4765-9380-B1DC4EFD642D}.DebugFull|Any CPU.Build.0 = DebugFull|Any CPU
		{B9678B78-A00D-4765-9380-B1DC4EFD642D}.DebugPlugins|Any CPU.ActiveCfg = DebugPlugins|Any CPU
		{B9678B78-A00D-4765-9380-B1DC4EFD642D}.DebugPlugins|Any CPU.Build.0 = DebugPlugins|Any CPU
		{1E87D2A5-7E36-4583-A533-064C97E330EE}.Debug|Any CPU.ActiveCfg = Debug|Any CPU
		{1E87D2A5-7E36-4583-A533-064C97E330EE}.Debug|Any CPU.Build.0 = Debug|Any CPU
		{1E87D2A5-7E36-4583-A533-064C97E330EE}.Release|Any CPU.ActiveCfg = Release|Any CPU
		{1E87D2A5-7E36-4583-A533-064C97E330EE}.Release|Any CPU.Build.0 = Release|Any CPU
		{1E87D2A5-7E36-4583-A533-064C97E330EE}.DebugTests|Any CPU.ActiveCfg = DebugTests|Any CPU
		{1E87D2A5-7E36-4583-A533-064C97E330EE}.DebugTests|Any CPU.Build.0 = DebugTests|Any CPU
		{1E87D2A5-7E36-4583-A533-064C97E330EE}.DebugFull|Any CPU.ActiveCfg = DebugFull|Any CPU
		{1E87D2A5-7E36-4583-A533-064C97E330EE}.DebugFull|Any CPU.Build.0 = DebugFull|Any CPU
		{1E87D2A5-7E36-4583-A533-064C97E330EE}.DebugPlugins|Any CPU.ActiveCfg = DebugPlugins|Any CPU
		{1E87D2A5-7E36-4583-A533-064C97E330EE}.DebugPlugins|Any CPU.Build.0 = DebugPlugins|Any CPU
		{CD824F78-E469-496D-9DB6-0B0F0A24E5BF}.Debug|Any CPU.ActiveCfg = Debug|Any CPU
		{CD824F78-E469-496D-9DB6-0B0F0A24E5BF}.Debug|Any CPU.Build.0 = Debug|Any CPU
		{CD824F78-E469-496D-9DB6-0B0F0A24E5BF}.Release|Any CPU.ActiveCfg = Release|Any CPU
		{CD824F78-E469-496D-9DB6-0B0F0A24E5BF}.Release|Any CPU.Build.0 = Release|Any CPU
		{CD824F78-E469-496D-9DB6-0B0F0A24E5BF}.DebugTests|Any CPU.ActiveCfg = DebugTests|Any CPU
		{CD824F78-E469-496D-9DB6-0B0F0A24E5BF}.DebugTests|Any CPU.Build.0 = DebugTests|Any CPU
		{CD824F78-E469-496D-9DB6-0B0F0A24E5BF}.DebugFull|Any CPU.ActiveCfg = DebugFull|Any CPU
		{CD824F78-E469-496D-9DB6-0B0F0A24E5BF}.DebugFull|Any CPU.Build.0 = DebugFull|Any CPU
		{CD824F78-E469-496D-9DB6-0B0F0A24E5BF}.DebugPlugins|Any CPU.ActiveCfg = DebugPlugins|Any CPU
		{CD824F78-E469-496D-9DB6-0B0F0A24E5BF}.DebugPlugins|Any CPU.Build.0 = DebugPlugins|Any CPU
		{3F994F9D-ADAE-4F79-8FF6-3D7523EE9315}.Debug|Any CPU.ActiveCfg = Debug|Any CPU
		{3F994F9D-ADAE-4F79-8FF6-3D7523EE9315}.Release|Any CPU.ActiveCfg = Release|Any CPU
		{3F994F9D-ADAE-4F79-8FF6-3D7523EE9315}.DebugTests|Any CPU.ActiveCfg = DebugTests|Any CPU
		{3F994F9D-ADAE-4F79-8FF6-3D7523EE9315}.DebugTests|Any CPU.Build.0 = DebugTests|Any CPU
		{3F994F9D-ADAE-4F79-8FF6-3D7523EE9315}.DebugFull|Any CPU.ActiveCfg = DebugFull|Any CPU
		{3F994F9D-ADAE-4F79-8FF6-3D7523EE9315}.DebugFull|Any CPU.Build.0 = DebugFull|Any CPU
		{3F994F9D-ADAE-4F79-8FF6-3D7523EE9315}.DebugPlugins|Any CPU.ActiveCfg = DebugPlugins|Any CPU
		{3F994F9D-ADAE-4F79-8FF6-3D7523EE9315}.DebugPlugins|Any CPU.Build.0 = DebugPlugins|Any CPU
		{792D9894-6092-4412-BCD0-7BA64A6B7A87}.Debug|Any CPU.ActiveCfg = Debug|Any CPU
		{792D9894-6092-4412-BCD0-7BA64A6B7A87}.Release|Any CPU.ActiveCfg = Release|Any CPU
		{792D9894-6092-4412-BCD0-7BA64A6B7A87}.DebugTests|Any CPU.ActiveCfg = DebugTests|Any CPU
		{792D9894-6092-4412-BCD0-7BA64A6B7A87}.DebugTests|Any CPU.Build.0 = DebugTests|Any CPU
		{792D9894-6092-4412-BCD0-7BA64A6B7A87}.DebugFull|Any CPU.ActiveCfg = DebugFull|Any CPU
		{792D9894-6092-4412-BCD0-7BA64A6B7A87}.DebugFull|Any CPU.Build.0 = DebugFull|Any CPU
		{792D9894-6092-4412-BCD0-7BA64A6B7A87}.DebugPlugins|Any CPU.ActiveCfg = DebugPlugins|Any CPU
		{792D9894-6092-4412-BCD0-7BA64A6B7A87}.DebugPlugins|Any CPU.Build.0 = DebugPlugins|Any CPU
		{FC255E92-4E35-4E2C-A7F0-638B06096E67}.Debug|Any CPU.ActiveCfg = Debug|Any CPU
		{FC255E92-4E35-4E2C-A7F0-638B06096E67}.Release|Any CPU.ActiveCfg = Release|Any CPU
		{FC255E92-4E35-4E2C-A7F0-638B06096E67}.DebugTests|Any CPU.ActiveCfg = DebugTests|Any CPU
		{FC255E92-4E35-4E2C-A7F0-638B06096E67}.DebugTests|Any CPU.Build.0 = DebugTests|Any CPU
		{FC255E92-4E35-4E2C-A7F0-638B06096E67}.DebugFull|Any CPU.ActiveCfg = DebugFull|Any CPU
		{FC255E92-4E35-4E2C-A7F0-638B06096E67}.DebugFull|Any CPU.Build.0 = DebugFull|Any CPU
		{FC255E92-4E35-4E2C-A7F0-638B06096E67}.DebugPlugins|Any CPU.ActiveCfg = DebugPlugins|Any CPU
		{FC255E92-4E35-4E2C-A7F0-638B06096E67}.DebugPlugins|Any CPU.Build.0 = DebugPlugins|Any CPU
		{CC88BF08-CBF5-4AF2-823C-8291C5903168}.Debug|Any CPU.ActiveCfg = Debug|Any CPU
		{CC88BF08-CBF5-4AF2-823C-8291C5903168}.Release|Any CPU.ActiveCfg = Release|Any CPU
		{CC88BF08-CBF5-4AF2-823C-8291C5903168}.DebugTests|Any CPU.ActiveCfg = DebugTests|Any CPU
		{CC88BF08-CBF5-4AF2-823C-8291C5903168}.DebugTests|Any CPU.Build.0 = DebugTests|Any CPU
		{CC88BF08-CBF5-4AF2-823C-8291C5903168}.DebugFull|Any CPU.ActiveCfg = DebugFull|Any CPU
		{CC88BF08-CBF5-4AF2-823C-8291C5903168}.DebugFull|Any CPU.Build.0 = DebugFull|Any CPU
		{CC88BF08-CBF5-4AF2-823C-8291C5903168}.DebugPlugins|Any CPU.ActiveCfg = DebugPlugins|Any CPU
		{CC88BF08-CBF5-4AF2-823C-8291C5903168}.DebugPlugins|Any CPU.Build.0 = DebugPlugins|Any CPU
		{8C8CD5C9-6BB3-4C4C-AB93-968BAD44F9CC}.Debug|Any CPU.ActiveCfg = Debug|Any CPU
		{8C8CD5C9-6BB3-4C4C-AB93-968BAD44F9CC}.Release|Any CPU.ActiveCfg = Release|Any CPU
		{8C8CD5C9-6BB3-4C4C-AB93-968BAD44F9CC}.DebugTests|Any CPU.ActiveCfg = DebugTests|Any CPU
		{8C8CD5C9-6BB3-4C4C-AB93-968BAD44F9CC}.DebugTests|Any CPU.Build.0 = DebugTests|Any CPU
		{8C8CD5C9-6BB3-4C4C-AB93-968BAD44F9CC}.DebugFull|Any CPU.ActiveCfg = DebugFull|Any CPU
		{8C8CD5C9-6BB3-4C4C-AB93-968BAD44F9CC}.DebugFull|Any CPU.Build.0 = DebugFull|Any CPU
		{8C8CD5C9-6BB3-4C4C-AB93-968BAD44F9CC}.DebugPlugins|Any CPU.ActiveCfg = DebugPlugins|Any CPU
		{8C8CD5C9-6BB3-4C4C-AB93-968BAD44F9CC}.DebugPlugins|Any CPU.Build.0 = DebugPlugins|Any CPU
		{39CCE9FC-A5AA-47E6-91E9-8AAF494CBE40}.Debug|Any CPU.ActiveCfg = Debug|Any CPU
		{39CCE9FC-A5AA-47E6-91E9-8AAF494CBE40}.Debug|Any CPU.Build.0 = Debug|Any CPU
		{39CCE9FC-A5AA-47E6-91E9-8AAF494CBE40}.Release|Any CPU.ActiveCfg = Release|Any CPU
		{39CCE9FC-A5AA-47E6-91E9-8AAF494CBE40}.Release|Any CPU.Build.0 = Release|Any CPU
		{39CCE9FC-A5AA-47E6-91E9-8AAF494CBE40}.DebugTests|Any CPU.ActiveCfg = DebugTests|Any CPU
		{39CCE9FC-A5AA-47E6-91E9-8AAF494CBE40}.DebugTests|Any CPU.Build.0 = DebugTests|Any CPU
		{39CCE9FC-A5AA-47E6-91E9-8AAF494CBE40}.DebugFull|Any CPU.ActiveCfg = DebugFull|Any CPU
		{39CCE9FC-A5AA-47E6-91E9-8AAF494CBE40}.DebugFull|Any CPU.Build.0 = DebugFull|Any CPU
		{39CCE9FC-A5AA-47E6-91E9-8AAF494CBE40}.DebugPlugins|Any CPU.ActiveCfg = DebugPlugins|Any CPU
		{39CCE9FC-A5AA-47E6-91E9-8AAF494CBE40}.DebugPlugins|Any CPU.Build.0 = DebugPlugins|Any CPU
		{DDAB5DB5-1B9E-48E2-9BAC-E7570ACCC0FA}.Debug|Any CPU.ActiveCfg = Debug|Any CPU
		{DDAB5DB5-1B9E-48E2-9BAC-E7570ACCC0FA}.Debug|Any CPU.Build.0 = Debug|Any CPU
		{DDAB5DB5-1B9E-48E2-9BAC-E7570ACCC0FA}.Release|Any CPU.ActiveCfg = Release|Any CPU
		{DDAB5DB5-1B9E-48E2-9BAC-E7570ACCC0FA}.Release|Any CPU.Build.0 = Release|Any CPU
		{DDAB5DB5-1B9E-48E2-9BAC-E7570ACCC0FA}.DebugTests|Any CPU.ActiveCfg = DebugTests|Any CPU
		{DDAB5DB5-1B9E-48E2-9BAC-E7570ACCC0FA}.DebugTests|Any CPU.Build.0 = DebugTests|Any CPU
		{DDAB5DB5-1B9E-48E2-9BAC-E7570ACCC0FA}.DebugFull|Any CPU.ActiveCfg = DebugFull|Any CPU
		{DDAB5DB5-1B9E-48E2-9BAC-E7570ACCC0FA}.DebugFull|Any CPU.Build.0 = DebugFull|Any CPU
		{DDAB5DB5-1B9E-48E2-9BAC-E7570ACCC0FA}.DebugPlugins|Any CPU.ActiveCfg = DebugPlugins|Any CPU
		{DDAB5DB5-1B9E-48E2-9BAC-E7570ACCC0FA}.DebugPlugins|Any CPU.Build.0 = DebugPlugins|Any CPU
	EndGlobalSection
	GlobalSection(SolutionProperties) = preSolution
		HideSolutionNode = FALSE
	EndGlobalSection
	GlobalSection(NestedProjects) = preSolution
		{4030D4D5-9DC6-496D-9763-9A41DD1DECBE} = {91D46B09-C92B-450B-AEC2-C7A6EE0F8E3B}
		{49599C25-3C71-4EE5-98C9-957EE20F7DE7} = {91D46B09-C92B-450B-AEC2-C7A6EE0F8E3B}
		{83033560-06F2-4155-9956-E4F0F06DC113} = {91D46B09-C92B-450B-AEC2-C7A6EE0F8E3B}
		{E66A4B60-E79C-4222-A702-94D3CC7A2377} = {91D46B09-C92B-450B-AEC2-C7A6EE0F8E3B}
		{F55A208D-6E20-462F-A204-EF13BCCF67D8} = {91D46B09-C92B-450B-AEC2-C7A6EE0F8E3B}
		{BAD9DA5F-4FA5-42A3-A58A-A7B880573121} = {0C9FAC99-60FC-4063-A15F-7A200096F67C}
		{03C1FB5D-DFB0-414D-831F-BD14DEE49B6A} = {31380BF9-EC1C-4ABE-8A1A-A715B6DF024A}
		{8BA9007B-9707-46F3-9836-F93C99F8C0C7} = {D89EF539-3EC6-4D07-9E98-65BC55F1DAA4}
		{1E87D2A5-7E36-4583-A533-064C97E330EE} = {1ABC3725-EB8C-494E-8BA8-A991CE7BD7A1}
		{CD824F78-E469-496D-9DB6-0B0F0A24E5BF} = {1ABC3725-EB8C-494E-8BA8-A991CE7BD7A1}
		{999025E8-C034-4A91-8166-5C2D95E9C9C3} = {F990372C-0580-4D69-89DC-A46A86396BBD}
		{3E8FC79E-D0B3-4554-9ABD-BD6DCBFBEE5D} = {91D46B09-C92B-450B-AEC2-C7A6EE0F8E3B}
		{D831728A-6328-4F96-9692-8FE64E0B0AAD} = {31380BF9-EC1C-4ABE-8A1A-A715B6DF024A}
		{B9678B78-A00D-4765-9380-B1DC4EFD642D} = {31380BF9-EC1C-4ABE-8A1A-A715B6DF024A}
		{3F994F9D-ADAE-4F79-8FF6-3D7523EE9315} = {69F06A61-5BD8-4D11-90D0-DE9AEAD2D09A}
		{792D9894-6092-4412-BCD0-7BA64A6B7A87} = {69F06A61-5BD8-4D11-90D0-DE9AEAD2D09A}
		{FC255E92-4E35-4E2C-A7F0-638B06096E67} = {69F06A61-5BD8-4D11-90D0-DE9AEAD2D09A}
		{CC88BF08-CBF5-4AF2-823C-8291C5903168} = {69F06A61-5BD8-4D11-90D0-DE9AEAD2D09A}
		{8C8CD5C9-6BB3-4C4C-AB93-968BAD44F9CC} = {69F06A61-5BD8-4D11-90D0-DE9AEAD2D09A}
		{39CCE9FC-A5AA-47E6-91E9-8AAF494CBE40} = {69F06A61-5BD8-4D11-90D0-DE9AEAD2D09A}
		{DDAB5DB5-1B9E-48E2-9BAC-E7570ACCC0FA} = {1ABC3725-EB8C-494E-8BA8-A991CE7BD7A1}
	EndGlobalSection
	GlobalSection(ExtensibilityGlobals) = postSolution
		SolutionGuid = {06095334-0BBD-4FDA-A230-272D08AFB221}
	EndGlobalSection
EndGlobal
