
Microsoft Visual Studio Solution File, Format Version 12.00
# Visual Studio 15
VisualStudioVersion = 15.0.26228.10
MinimumVisualStudioVersion = 10.0.40219.1
Project("{FAE04EC0-301F-11D3-BF4B-00C04F79EFBC}") = "intersect.crypto", "intersect.crypto\intersect.crypto.csproj", "{5E5C0D15-C174-4AA2-ABBC-241BB13348E5}"
EndProject
Project("{FAE04EC0-301F-11D3-BF4B-00C04F79EFBC}") = "intersectd", "intersectd\intersectd.csproj", "{808BD668-9C6A-414C-828A-166F588DE563}"
EndProject
Project("{FAE04EC0-301F-11D3-BF4B-00C04F79EFBC}") = "intersectcfg", "intersectcfg\intersectcfg.csproj", "{653F5CE6-3178-44B8-B110-D9F3B60E080F}"
EndProject
Project("{FAE04EC0-301F-11D3-BF4B-00C04F79EFBC}") = "intersectcfg-gui", "intersectcfg-gui\intersectcfg-gui.csproj", "{33850A11-F3ED-4B04-AED8-38A39EAC79AA}"
EndProject
Global
	GlobalSection(SolutionConfigurationPlatforms) = preSolution
		Debug|Any CPU = Debug|Any CPU
		Release|Any CPU = Release|Any CPU
	EndGlobalSection
	GlobalSection(ProjectConfigurationPlatforms) = postSolution
		{5E5C0D15-C174-4AA2-ABBC-241BB13348E5}.Debug|Any CPU.ActiveCfg = Debug|Any CPU
		{5E5C0D15-C174-4AA2-ABBC-241BB13348E5}.Debug|Any CPU.Build.0 = Debug|Any CPU
		{5E5C0D15-C174-4AA2-ABBC-241BB13348E5}.Release|Any CPU.ActiveCfg = Release|Any CPU
		{5E5C0D15-C174-4AA2-ABBC-241BB13348E5}.Release|Any CPU.Build.0 = Release|Any CPU
		{808BD668-9C6A-414C-828A-166F588DE563}.Debug|Any CPU.ActiveCfg = Debug|Any CPU
		{808BD668-9C6A-414C-828A-166F588DE563}.Debug|Any CPU.Build.0 = Debug|Any CPU
		{808BD668-9C6A-414C-828A-166F588DE563}.Release|Any CPU.ActiveCfg = Release|Any CPU
		{808BD668-9C6A-414C-828A-166F588DE563}.Release|Any CPU.Build.0 = Release|Any CPU
		{653F5CE6-3178-44B8-B110-D9F3B60E080F}.Debug|Any CPU.ActiveCfg = Debug|Any CPU
		{653F5CE6-3178-44B8-B110-D9F3B60E080F}.Debug|Any CPU.Build.0 = Debug|Any CPU
		{653F5CE6-3178-44B8-B110-D9F3B60E080F}.Release|Any CPU.ActiveCfg = Release|Any CPU
		{653F5CE6-3178-44B8-B110-D9F3B60E080F}.Release|Any CPU.Build.0 = Release|Any CPU
		{33850A11-F3ED-4B04-AED8-38A39EAC79AA}.Debug|Any CPU.ActiveCfg = Debug|Any CPU
		{33850A11-F3ED-4B04-AED8-38A39EAC79AA}.Debug|Any CPU.Build.0 = Debug|Any CPU
		{33850A11-F3ED-4B04-AED8-38A39EAC79AA}.Release|Any CPU.ActiveCfg = Release|Any CPU
		{33850A11-F3ED-4B04-AED8-38A39EAC79AA}.Release|Any CPU.Build.0 = Release|Any CPU
	EndGlobalSection
	GlobalSection(SolutionProperties) = preSolution
		HideSolutionNode = FALSE
	EndGlobalSection
EndGlobal
